// !$*UTF8*$!
{
	archiveVersion = 1;
	classes = {
	};
	objectVersion = 46;
	objects = {

/* Begin PBXBuildFile section */
		041E6F0F1CC6123B00E5070B /* main.m in Sources */ = {isa = PBXBuildFile; fileRef = 041E6F0E1CC6123B00E5070B /* main.m */; };
		041E6F121CC6123B00E5070B /* AppDelegate.m in Sources */ = {isa = PBXBuildFile; fileRef = 041E6F111CC6123B00E5070B /* AppDelegate.m */; };
		041E6F151CC6123B00E5070B /* ViewController.m in Sources */ = {isa = PBXBuildFile; fileRef = 041E6F141CC6123B00E5070B /* ViewController.m */; };
		041E6F181CC6123B00E5070B /* Main.storyboard in Resources */ = {isa = PBXBuildFile; fileRef = 041E6F161CC6123B00E5070B /* Main.storyboard */; };
		041E6F1A1CC6123B00E5070B /* Assets.xcassets in Resources */ = {isa = PBXBuildFile; fileRef = 041E6F191CC6123B00E5070B /* Assets.xcassets */; };
		041E6F1D1CC6123B00E5070B /* LaunchScreen.storyboard in Resources */ = {isa = PBXBuildFile; fileRef = 041E6F1B1CC6123B00E5070B /* LaunchScreen.storyboard */; };
		041E6F281CC6123B00E5070B /* ZWScrollTableViewCtrlDemoTests.m in Sources */ = {isa = PBXBuildFile; fileRef = 041E6F271CC6123B00E5070B /* ZWScrollTableViewCtrlDemoTests.m */; };
		041E6F331CC6123B00E5070B /* ZWScrollTableViewCtrlDemoUITests.m in Sources */ = {isa = PBXBuildFile; fileRef = 041E6F321CC6123B00E5070B /* ZWScrollTableViewCtrlDemoUITests.m */; };
		041E6FAA1CC632DF00E5070B /* RefreshImages.bundle in Resources */ = {isa = PBXBuildFile; fileRef = 041E6F9E1CC632DF00E5070B /* RefreshImages.bundle */; };
		041E6FAB1CC632DF00E5070B /* UITableView+EmpyFalseDataView.m in Sources */ = {isa = PBXBuildFile; fileRef = 041E6FA01CC632DF00E5070B /* UITableView+EmpyFalseDataView.m */; };
		041E6FAC1CC632DF00E5070B /* UIView+FixRatio.m in Sources */ = {isa = PBXBuildFile; fileRef = 041E6FA21CC632DF00E5070B /* UIView+FixRatio.m */; };
		041E6FAD1CC632DF00E5070B /* ZWBaseViewController.m in Sources */ = {isa = PBXBuildFile; fileRef = 041E6FA51CC632DF00E5070B /* ZWBaseViewController.m */; };
		041E6FAE1CC632DF00E5070B /* ZWConstant.m in Sources */ = {isa = PBXBuildFile; fileRef = 041E6FA71CC632DF00E5070B /* ZWConstant.m */; };
		041E6FAF1CC632DF00E5070B /* ZWScrollTableViewCtrl.m in Sources */ = {isa = PBXBuildFile; fileRef = 041E6FA91CC632DF00E5070B /* ZWScrollTableViewCtrl.m */; };
		044EEC511CC7139F00E4E07A /* NSDateComponents+Timestamp.m in Sources */ = {isa = PBXBuildFile; fileRef = 044EEC421CC7139F00E4E07A /* NSDateComponents+Timestamp.m */; };
		044EEC521CC7139F00E4E07A /* NSString+GenerateUuid.m in Sources */ = {isa = PBXBuildFile; fileRef = 044EEC441CC7139F00E4E07A /* NSString+GenerateUuid.m */; };
		044EEC531CC7139F00E4E07A /* UIAlertView+AssociateObj.m in Sources */ = {isa = PBXBuildFile; fileRef = 044EEC461CC7139F00E4E07A /* UIAlertView+AssociateObj.m */; };
		044EEC541CC7139F00E4E07A /* UIImage+IMTransform.m in Sources */ = {isa = PBXBuildFile; fileRef = 044EEC481CC7139F00E4E07A /* UIImage+IMTransform.m */; };
		044EEC551CC7139F00E4E07A /* GTMBase64.m in Sources */ = {isa = PBXBuildFile; fileRef = 044EEC4B1CC7139F00E4E07A /* GTMBase64.m */; };
		044EEC561CC7139F00E4E07A /* NSString+MD5Encrypt.m in Sources */ = {isa = PBXBuildFile; fileRef = 044EEC4E1CC7139F00E4E07A /* NSString+MD5Encrypt.m */; };
		044EEC571CC7139F00E4E07A /* NSString+ThreeDES.m in Sources */ = {isa = PBXBuildFile; fileRef = 044EEC501CC7139F00E4E07A /* NSString+ThreeDES.m */; };
		044EEC5A1CC715B600E4E07A /* RSAEncryptor.m in Sources */ = {isa = PBXBuildFile; fileRef = 044EEC591CC715B600E4E07A /* RSAEncryptor.m */; };
		044EEC601CC724B600E4E07A /* NetworkClient.m in Sources */ = {isa = PBXBuildFile; fileRef = 044EEC5D1CC724B600E4E07A /* NetworkClient.m */; };
		044EEC611CC724B600E4E07A /* NetworkClientHelper.m in Sources */ = {isa = PBXBuildFile; fileRef = 044EEC5F1CC724B600E4E07A /* NetworkClientHelper.m */; };
		436066F40D2DA21F3B9B0610 /* libPods.a in Frameworks */ = {isa = PBXBuildFile; fileRef = B1BDE65A4761F577A4E83116 /* libPods.a */; };
/* End PBXBuildFile section */

/* Begin PBXContainerItemProxy section */
		041E6F241CC6123B00E5070B /* PBXContainerItemProxy */ = {
			isa = PBXContainerItemProxy;
			containerPortal = 041E6F021CC6123B00E5070B /* Project object */;
			proxyType = 1;
			remoteGlobalIDString = 041E6F091CC6123B00E5070B;
			remoteInfo = ZWScrollTableViewCtrlDemo;
		};
		041E6F2F1CC6123B00E5070B /* PBXContainerItemProxy */ = {
			isa = PBXContainerItemProxy;
			containerPortal = 041E6F021CC6123B00E5070B /* Project object */;
			proxyType = 1;
			remoteGlobalIDString = 041E6F091CC6123B00E5070B;
			remoteInfo = ZWScrollTableViewCtrlDemo;
		};
/* End PBXContainerItemProxy section */

/* Begin PBXFileReference section */
		041E6F0A1CC6123B00E5070B /* ZWScrollTableViewCtrlDemo.app */ = {isa = PBXFileReference; explicitFileType = wrapper.application; includeInIndex = 0; path = ZWScrollTableViewCtrlDemo.app; sourceTree = BUILT_PRODUCTS_DIR; };
		041E6F0E1CC6123B00E5070B /* main.m */ = {isa = PBXFileReference; lastKnownFileType = sourcecode.c.objc; path = main.m; sourceTree = "<group>"; };
		041E6F101CC6123B00E5070B /* AppDelegate.h */ = {isa = PBXFileReference; lastKnownFileType = sourcecode.c.h; path = AppDelegate.h; sourceTree = "<group>"; };
		041E6F111CC6123B00E5070B /* AppDelegate.m */ = {isa = PBXFileReference; lastKnownFileType = sourcecode.c.objc; path = AppDelegate.m; sourceTree = "<group>"; };
		041E6F131CC6123B00E5070B /* ViewController.h */ = {isa = PBXFileReference; lastKnownFileType = sourcecode.c.h; path = ViewController.h; sourceTree = "<group>"; };
		041E6F141CC6123B00E5070B /* ViewController.m */ = {isa = PBXFileReference; lastKnownFileType = sourcecode.c.objc; path = ViewController.m; sourceTree = "<group>"; };
		041E6F171CC6123B00E5070B /* Base */ = {isa = PBXFileReference; lastKnownFileType = file.storyboard; name = Base; path = Base.lproj/Main.storyboard; sourceTree = "<group>"; };
		041E6F191CC6123B00E5070B /* Assets.xcassets */ = {isa = PBXFileReference; lastKnownFileType = folder.assetcatalog; path = Assets.xcassets; sourceTree = "<group>"; };
		041E6F1C1CC6123B00E5070B /* Base */ = {isa = PBXFileReference; lastKnownFileType = file.storyboard; name = Base; path = Base.lproj/LaunchScreen.storyboard; sourceTree = "<group>"; };
		041E6F1E1CC6123B00E5070B /* Info.plist */ = {isa = PBXFileReference; lastKnownFileType = text.plist.xml; path = Info.plist; sourceTree = "<group>"; };
		041E6F231CC6123B00E5070B /* ZWScrollTableViewCtrlDemoTests.xctest */ = {isa = PBXFileReference; explicitFileType = wrapper.cfbundle; includeInIndex = 0; path = ZWScrollTableViewCtrlDemoTests.xctest; sourceTree = BUILT_PRODUCTS_DIR; };
		041E6F271CC6123B00E5070B /* ZWScrollTableViewCtrlDemoTests.m */ = {isa = PBXFileReference; lastKnownFileType = sourcecode.c.objc; path = ZWScrollTableViewCtrlDemoTests.m; sourceTree = "<group>"; };
		041E6F291CC6123B00E5070B /* Info.plist */ = {isa = PBXFileReference; lastKnownFileType = text.plist.xml; path = Info.plist; sourceTree = "<group>"; };
		041E6F2E1CC6123B00E5070B /* ZWScrollTableViewCtrlDemoUITests.xctest */ = {isa = PBXFileReference; explicitFileType = wrapper.cfbundle; includeInIndex = 0; path = ZWScrollTableViewCtrlDemoUITests.xctest; sourceTree = BUILT_PRODUCTS_DIR; };
		041E6F321CC6123B00E5070B /* ZWScrollTableViewCtrlDemoUITests.m */ = {isa = PBXFileReference; lastKnownFileType = sourcecode.c.objc; path = ZWScrollTableViewCtrlDemoUITests.m; sourceTree = "<group>"; };
		041E6F341CC6123B00E5070B /* Info.plist */ = {isa = PBXFileReference; lastKnownFileType = text.plist.xml; path = Info.plist; sourceTree = "<group>"; };
		041E6F9E1CC632DF00E5070B /* RefreshImages.bundle */ = {isa = PBXFileReference; lastKnownFileType = "wrapper.plug-in"; path = RefreshImages.bundle; sourceTree = "<group>"; };
		041E6F9F1CC632DF00E5070B /* UITableView+EmpyFalseDataView.h */ = {isa = PBXFileReference; fileEncoding = 4; lastKnownFileType = sourcecode.c.h; path = "UITableView+EmpyFalseDataView.h"; sourceTree = "<group>"; };
		041E6FA01CC632DF00E5070B /* UITableView+EmpyFalseDataView.m */ = {isa = PBXFileReference; fileEncoding = 4; lastKnownFileType = sourcecode.c.objc; path = "UITableView+EmpyFalseDataView.m"; sourceTree = "<group>"; };
		041E6FA11CC632DF00E5070B /* UIView+FixRatio.h */ = {isa = PBXFileReference; fileEncoding = 4; lastKnownFileType = sourcecode.c.h; path = "UIView+FixRatio.h"; sourceTree = "<group>"; };
		041E6FA21CC632DF00E5070B /* UIView+FixRatio.m */ = {isa = PBXFileReference; fileEncoding = 4; lastKnownFileType = sourcecode.c.objc; path = "UIView+FixRatio.m"; sourceTree = "<group>"; };
		041E6FA31CC632DF00E5070B /* ZWBaseFoundation.h */ = {isa = PBXFileReference; fileEncoding = 4; lastKnownFileType = sourcecode.c.h; path = ZWBaseFoundation.h; sourceTree = "<group>"; };
		041E6FA41CC632DF00E5070B /* ZWBaseViewController.h */ = {isa = PBXFileReference; fileEncoding = 4; lastKnownFileType = sourcecode.c.h; path = ZWBaseViewController.h; sourceTree = "<group>"; };
		041E6FA51CC632DF00E5070B /* ZWBaseViewController.m */ = {isa = PBXFileReference; fileEncoding = 4; lastKnownFileType = sourcecode.c.objc; path = ZWBaseViewController.m; sourceTree = "<group>"; };
		041E6FA61CC632DF00E5070B /* ZWConstant.h */ = {isa = PBXFileReference; fileEncoding = 4; lastKnownFileType = sourcecode.c.h; path = ZWConstant.h; sourceTree = "<group>"; };
		041E6FA71CC632DF00E5070B /* ZWConstant.m */ = {isa = PBXFileReference; fileEncoding = 4; lastKnownFileType = sourcecode.c.objc; path = ZWConstant.m; sourceTree = "<group>"; };
		041E6FA81CC632DF00E5070B /* ZWScrollTableViewCtrl.h */ = {isa = PBXFileReference; fileEncoding = 4; lastKnownFileType = sourcecode.c.h; path = ZWScrollTableViewCtrl.h; sourceTree = "<group>"; };
		041E6FA91CC632DF00E5070B /* ZWScrollTableViewCtrl.m */ = {isa = PBXFileReference; fileEncoding = 4; lastKnownFileType = sourcecode.c.objc; path = ZWScrollTableViewCtrl.m; sourceTree = "<group>"; };
		044EEC411CC7139F00E4E07A /* NSDateComponents+Timestamp.h */ = {isa = PBXFileReference; fileEncoding = 4; lastKnownFileType = sourcecode.c.h; path = "NSDateComponents+Timestamp.h"; sourceTree = "<group>"; };
		044EEC421CC7139F00E4E07A /* NSDateComponents+Timestamp.m */ = {isa = PBXFileReference; fileEncoding = 4; lastKnownFileType = sourcecode.c.objc; path = "NSDateComponents+Timestamp.m"; sourceTree = "<group>"; };
		044EEC431CC7139F00E4E07A /* NSString+GenerateUuid.h */ = {isa = PBXFileReference; fileEncoding = 4; lastKnownFileType = sourcecode.c.h; path = "NSString+GenerateUuid.h"; sourceTree = "<group>"; };
		044EEC441CC7139F00E4E07A /* NSString+GenerateUuid.m */ = {isa = PBXFileReference; fileEncoding = 4; lastKnownFileType = sourcecode.c.objc; path = "NSString+GenerateUuid.m"; sourceTree = "<group>"; };
		044EEC451CC7139F00E4E07A /* UIAlertView+AssociateObj.h */ = {isa = PBXFileReference; fileEncoding = 4; lastKnownFileType = sourcecode.c.h; path = "UIAlertView+AssociateObj.h"; sourceTree = "<group>"; };
		044EEC461CC7139F00E4E07A /* UIAlertView+AssociateObj.m */ = {isa = PBXFileReference; fileEncoding = 4; lastKnownFileType = sourcecode.c.objc; path = "UIAlertView+AssociateObj.m"; sourceTree = "<group>"; };
		044EEC471CC7139F00E4E07A /* UIImage+IMTransform.h */ = {isa = PBXFileReference; fileEncoding = 4; lastKnownFileType = sourcecode.c.h; path = "UIImage+IMTransform.h"; sourceTree = "<group>"; };
		044EEC481CC7139F00E4E07A /* UIImage+IMTransform.m */ = {isa = PBXFileReference; fileEncoding = 4; lastKnownFileType = sourcecode.c.objc; path = "UIImage+IMTransform.m"; sourceTree = "<group>"; };
		044EEC4A1CC7139F00E4E07A /* GTMBase64.h */ = {isa = PBXFileReference; fileEncoding = 4; lastKnownFileType = sourcecode.c.h; path = GTMBase64.h; sourceTree = "<group>"; };
		044EEC4B1CC7139F00E4E07A /* GTMBase64.m */ = {isa = PBXFileReference; fileEncoding = 4; lastKnownFileType = sourcecode.c.objc; path = GTMBase64.m; sourceTree = "<group>"; };
		044EEC4C1CC7139F00E4E07A /* GTMDefines.h */ = {isa = PBXFileReference; fileEncoding = 4; lastKnownFileType = sourcecode.c.h; path = GTMDefines.h; sourceTree = "<group>"; };
		044EEC4D1CC7139F00E4E07A /* NSString+MD5Encrypt.h */ = {isa = PBXFileReference; fileEncoding = 4; lastKnownFileType = sourcecode.c.h; path = "NSString+MD5Encrypt.h"; sourceTree = "<group>"; };
		044EEC4E1CC7139F00E4E07A /* NSString+MD5Encrypt.m */ = {isa = PBXFileReference; fileEncoding = 4; lastKnownFileType = sourcecode.c.objc; path = "NSString+MD5Encrypt.m"; sourceTree = "<group>"; };
		044EEC4F1CC7139F00E4E07A /* NSString+ThreeDES.h */ = {isa = PBXFileReference; fileEncoding = 4; lastKnownFileType = sourcecode.c.h; path = "NSString+ThreeDES.h"; sourceTree = "<group>"; };
		044EEC501CC7139F00E4E07A /* NSString+ThreeDES.m */ = {isa = PBXFileReference; fileEncoding = 4; lastKnownFileType = sourcecode.c.objc; path = "NSString+ThreeDES.m"; sourceTree = "<group>"; };
		044EEC581CC715B600E4E07A /* RSAEncryptor.h */ = {isa = PBXFileReference; fileEncoding = 4; lastKnownFileType = sourcecode.c.h; path = RSAEncryptor.h; sourceTree = "<group>"; };
		044EEC591CC715B600E4E07A /* RSAEncryptor.m */ = {isa = PBXFileReference; fileEncoding = 4; lastKnownFileType = sourcecode.c.objc; path = RSAEncryptor.m; sourceTree = "<group>"; };
		044EEC5C1CC724B600E4E07A /* NetworkClient.h */ = {isa = PBXFileReference; fileEncoding = 4; lastKnownFileType = sourcecode.c.h; path = NetworkClient.h; sourceTree = "<group>"; };
		044EEC5D1CC724B600E4E07A /* NetworkClient.m */ = {isa = PBXFileReference; fileEncoding = 4; lastKnownFileType = sourcecode.c.objc; path = NetworkClient.m; sourceTree = "<group>"; };
		044EEC5E1CC724B600E4E07A /* NetworkClientHelper.h */ = {isa = PBXFileReference; fileEncoding = 4; lastKnownFileType = sourcecode.c.h; path = NetworkClientHelper.h; sourceTree = "<group>"; };
		044EEC5F1CC724B600E4E07A /* NetworkClientHelper.m */ = {isa = PBXFileReference; fileEncoding = 4; lastKnownFileType = sourcecode.c.objc; path = NetworkClientHelper.m; sourceTree = "<group>"; };
		1F3C8F0F64D577AD73E7844F /* Pods.release.xcconfig */ = {isa = PBXFileReference; includeInIndex = 1; lastKnownFileType = text.xcconfig; name = Pods.release.xcconfig; path = "Pods/Target Support Files/Pods/Pods.release.xcconfig"; sourceTree = "<group>"; };
		6B289629BCC9890AF298368D /* Pods.debug.xcconfig */ = {isa = PBXFileReference; includeInIndex = 1; lastKnownFileType = text.xcconfig; name = Pods.debug.xcconfig; path = "Pods/Target Support Files/Pods/Pods.debug.xcconfig"; sourceTree = "<group>"; };
		B1BDE65A4761F577A4E83116 /* libPods.a */ = {isa = PBXFileReference; explicitFileType = archive.ar; includeInIndex = 0; path = libPods.a; sourceTree = BUILT_PRODUCTS_DIR; };
/* End PBXFileReference section */

/* Begin PBXFrameworksBuildPhase section */
		041E6F071CC6123B00E5070B /* Frameworks */ = {
			isa = PBXFrameworksBuildPhase;
			buildActionMask = 2147483647;
			files = (
				436066F40D2DA21F3B9B0610 /* libPods.a in Frameworks */,
			);
			runOnlyForDeploymentPostprocessing = 0;
		};
		041E6F201CC6123B00E5070B /* Frameworks */ = {
			isa = PBXFrameworksBuildPhase;
			buildActionMask = 2147483647;
			files = (
			);
			runOnlyForDeploymentPostprocessing = 0;
		};
		041E6F2B1CC6123B00E5070B /* Frameworks */ = {
			isa = PBXFrameworksBuildPhase;
			buildActionMask = 2147483647;
			files = (
			);
			runOnlyForDeploymentPostprocessing = 0;
		};
/* End PBXFrameworksBuildPhase section */

/* Begin PBXGroup section */
		041E6F011CC6123B00E5070B = {
			isa = PBXGroup;
			children = (
				041E6F0C1CC6123B00E5070B /* ZWScrollTableViewCtrlDemo */,
				041E6F261CC6123B00E5070B /* ZWScrollTableViewCtrlDemoTests */,
				041E6F311CC6123B00E5070B /* ZWScrollTableViewCtrlDemoUITests */,
				041E6F0B1CC6123B00E5070B /* Products */,
				1BAC17580A7E878E3D3A4335 /* Pods */,
				7FAFAE0DA6AB4A9A8DE970C7 /* Frameworks */,
			);
			sourceTree = "<group>";
		};
		041E6F0B1CC6123B00E5070B /* Products */ = {
			isa = PBXGroup;
			children = (
				041E6F0A1CC6123B00E5070B /* ZWScrollTableViewCtrlDemo.app */,
				041E6F231CC6123B00E5070B /* ZWScrollTableViewCtrlDemoTests.xctest */,
				041E6F2E1CC6123B00E5070B /* ZWScrollTableViewCtrlDemoUITests.xctest */,
			);
			name = Products;
			sourceTree = "<group>";
		};
		041E6F0C1CC6123B00E5070B /* ZWScrollTableViewCtrlDemo */ = {
			isa = PBXGroup;
			children = (
				041E6F9D1CC632DF00E5070B /* ZWBaseFoundation */,
				041E6F101CC6123B00E5070B /* AppDelegate.h */,
				041E6F111CC6123B00E5070B /* AppDelegate.m */,
				041E6F131CC6123B00E5070B /* ViewController.h */,
				041E6F141CC6123B00E5070B /* ViewController.m */,
				041E6F161CC6123B00E5070B /* Main.storyboard */,
				041E6F191CC6123B00E5070B /* Assets.xcassets */,
				041E6F1B1CC6123B00E5070B /* LaunchScreen.storyboard */,
				041E6F1E1CC6123B00E5070B /* Info.plist */,
				041E6F0D1CC6123B00E5070B /* Supporting Files */,
			);
			path = ZWScrollTableViewCtrlDemo;
			sourceTree = "<group>";
		};
		041E6F0D1CC6123B00E5070B /* Supporting Files */ = {
			isa = PBXGroup;
			children = (
				041E6F0E1CC6123B00E5070B /* main.m */,
			);
			name = "Supporting Files";
			sourceTree = "<group>";
		};
		041E6F261CC6123B00E5070B /* ZWScrollTableViewCtrlDemoTests */ = {
			isa = PBXGroup;
			children = (
				041E6F271CC6123B00E5070B /* ZWScrollTableViewCtrlDemoTests.m */,
				041E6F291CC6123B00E5070B /* Info.plist */,
			);
			path = ZWScrollTableViewCtrlDemoTests;
			sourceTree = "<group>";
		};
		041E6F311CC6123B00E5070B /* ZWScrollTableViewCtrlDemoUITests */ = {
			isa = PBXGroup;
			children = (
				041E6F321CC6123B00E5070B /* ZWScrollTableViewCtrlDemoUITests.m */,
				041E6F341CC6123B00E5070B /* Info.plist */,
			);
			path = ZWScrollTableViewCtrlDemoUITests;
			sourceTree = "<group>";
		};
		041E6F9D1CC632DF00E5070B /* ZWBaseFoundation */ = {
			isa = PBXGroup;
			children = (
				041E6F9E1CC632DF00E5070B /* RefreshImages.bundle */,
				044EEC5B1CC724B600E4E07A /* Network */,
				044EEC401CC7139F00E4E07A /* Categorys */,
				044EEC491CC7139F00E4E07A /* EncryptArithmetic */,
				041E6F9F1CC632DF00E5070B /* UITableView+EmpyFalseDataView.h */,
				041E6FA01CC632DF00E5070B /* UITableView+EmpyFalseDataView.m */,
				041E6FA11CC632DF00E5070B /* UIView+FixRatio.h */,
				041E6FA21CC632DF00E5070B /* UIView+FixRatio.m */,
				041E6FA31CC632DF00E5070B /* ZWBaseFoundation.h */,
				041E6FA41CC632DF00E5070B /* ZWBaseViewController.h */,
				041E6FA51CC632DF00E5070B /* ZWBaseViewController.m */,
				041E6FA61CC632DF00E5070B /* ZWConstant.h */,
				041E6FA71CC632DF00E5070B /* ZWConstant.m */,
				041E6FA81CC632DF00E5070B /* ZWScrollTableViewCtrl.h */,
				041E6FA91CC632DF00E5070B /* ZWScrollTableViewCtrl.m */,
			);
			path = ZWBaseFoundation;
			sourceTree = "<group>";
		};
		044EEC401CC7139F00E4E07A /* Categorys */ = {
			isa = PBXGroup;
			children = (
				044EEC411CC7139F00E4E07A /* NSDateComponents+Timestamp.h */,
				044EEC421CC7139F00E4E07A /* NSDateComponents+Timestamp.m */,
				044EEC431CC7139F00E4E07A /* NSString+GenerateUuid.h */,
				044EEC441CC7139F00E4E07A /* NSString+GenerateUuid.m */,
				044EEC451CC7139F00E4E07A /* UIAlertView+AssociateObj.h */,
				044EEC461CC7139F00E4E07A /* UIAlertView+AssociateObj.m */,
				044EEC471CC7139F00E4E07A /* UIImage+IMTransform.h */,
				044EEC481CC7139F00E4E07A /* UIImage+IMTransform.m */,
			);
			path = Categorys;
			sourceTree = "<group>";
		};
		044EEC491CC7139F00E4E07A /* EncryptArithmetic */ = {
			isa = PBXGroup;
			children = (
				044EEC581CC715B600E4E07A /* RSAEncryptor.h */,
				044EEC591CC715B600E4E07A /* RSAEncryptor.m */,
				044EEC4A1CC7139F00E4E07A /* GTMBase64.h */,
				044EEC4B1CC7139F00E4E07A /* GTMBase64.m */,
				044EEC4C1CC7139F00E4E07A /* GTMDefines.h */,
				044EEC4D1CC7139F00E4E07A /* NSString+MD5Encrypt.h */,
				044EEC4E1CC7139F00E4E07A /* NSString+MD5Encrypt.m */,
				044EEC4F1CC7139F00E4E07A /* NSString+ThreeDES.h */,
				044EEC501CC7139F00E4E07A /* NSString+ThreeDES.m */,
			);
			path = EncryptArithmetic;
			sourceTree = "<group>";
		};
		044EEC5B1CC724B600E4E07A /* Network */ = {
			isa = PBXGroup;
			children = (
				044EEC5C1CC724B600E4E07A /* NetworkClient.h */,
				044EEC5D1CC724B600E4E07A /* NetworkClient.m */,
				044EEC5E1CC724B600E4E07A /* NetworkClientHelper.h */,
				044EEC5F1CC724B600E4E07A /* NetworkClientHelper.m */,
			);
			path = Network;
			sourceTree = "<group>";
		};
		1BAC17580A7E878E3D3A4335 /* Pods */ = {
			isa = PBXGroup;
			children = (
				6B289629BCC9890AF298368D /* Pods.debug.xcconfig */,
				1F3C8F0F64D577AD73E7844F /* Pods.release.xcconfig */,
			);
			name = Pods;
			sourceTree = "<group>";
		};
		7FAFAE0DA6AB4A9A8DE970C7 /* Frameworks */ = {
			isa = PBXGroup;
			children = (
				B1BDE65A4761F577A4E83116 /* libPods.a */,
			);
			name = Frameworks;
			sourceTree = "<group>";
		};
/* End PBXGroup section */

/* Begin PBXNativeTarget section */
		041E6F091CC6123B00E5070B /* ZWScrollTableViewCtrlDemo */ = {
			isa = PBXNativeTarget;
			buildConfigurationList = 041E6F371CC6123B00E5070B /* Build configuration list for PBXNativeTarget "ZWScrollTableViewCtrlDemo" */;
			buildPhases = (
				1634D6EACD2DB0B4BEB7DFCF /* Check Pods Manifest.lock */,
				041E6F061CC6123B00E5070B /* Sources */,
				041E6F071CC6123B00E5070B /* Frameworks */,
				041E6F081CC6123B00E5070B /* Resources */,
				69BD9929A6CEC600C728CF4B /* Embed Pods Frameworks */,
				EA3B27F55322293584EE359C /* Copy Pods Resources */,
			);
			buildRules = (
			);
			dependencies = (
			);
			name = ZWScrollTableViewCtrlDemo;
			productName = ZWScrollTableViewCtrlDemo;
			productReference = 041E6F0A1CC6123B00E5070B /* ZWScrollTableViewCtrlDemo.app */;
			productType = "com.apple.product-type.application";
		};
		041E6F221CC6123B00E5070B /* ZWScrollTableViewCtrlDemoTests */ = {
			isa = PBXNativeTarget;
			buildConfigurationList = 041E6F3A1CC6123B00E5070B /* Build configuration list for PBXNativeTarget "ZWScrollTableViewCtrlDemoTests" */;
			buildPhases = (
				041E6F1F1CC6123B00E5070B /* Sources */,
				041E6F201CC6123B00E5070B /* Frameworks */,
				041E6F211CC6123B00E5070B /* Resources */,
			);
			buildRules = (
			);
			dependencies = (
				041E6F251CC6123B00E5070B /* PBXTargetDependency */,
			);
			name = ZWScrollTableViewCtrlDemoTests;
			productName = ZWScrollTableViewCtrlDemoTests;
			productReference = 041E6F231CC6123B00E5070B /* ZWScrollTableViewCtrlDemoTests.xctest */;
			productType = "com.apple.product-type.bundle.unit-test";
		};
		041E6F2D1CC6123B00E5070B /* ZWScrollTableViewCtrlDemoUITests */ = {
			isa = PBXNativeTarget;
			buildConfigurationList = 041E6F3D1CC6123B00E5070B /* Build configuration list for PBXNativeTarget "ZWScrollTableViewCtrlDemoUITests" */;
			buildPhases = (
				041E6F2A1CC6123B00E5070B /* Sources */,
				041E6F2B1CC6123B00E5070B /* Frameworks */,
				041E6F2C1CC6123B00E5070B /* Resources */,
			);
			buildRules = (
			);
			dependencies = (
				041E6F301CC6123B00E5070B /* PBXTargetDependency */,
			);
			name = ZWScrollTableViewCtrlDemoUITests;
			productName = ZWScrollTableViewCtrlDemoUITests;
			productReference = 041E6F2E1CC6123B00E5070B /* ZWScrollTableViewCtrlDemoUITests.xctest */;
			productType = "com.apple.product-type.bundle.ui-testing";
		};
/* End PBXNativeTarget section */

/* Begin PBXProject section */
		041E6F021CC6123B00E5070B /* Project object */ = {
			isa = PBXProject;
			attributes = {
				LastUpgradeCheck = 0720;
				ORGANIZATIONNAME = mac;
				TargetAttributes = {
					041E6F091CC6123B00E5070B = {
						CreatedOnToolsVersion = 7.2;
					};
					041E6F221CC6123B00E5070B = {
						CreatedOnToolsVersion = 7.2;
						TestTargetID = 041E6F091CC6123B00E5070B;
					};
					041E6F2D1CC6123B00E5070B = {
						CreatedOnToolsVersion = 7.2;
						TestTargetID = 041E6F091CC6123B00E5070B;
					};
				};
			};
			buildConfigurationList = 041E6F051CC6123B00E5070B /* Build configuration list for PBXProject "ZWScrollTableViewCtrlDemo" */;
			compatibilityVersion = "Xcode 3.2";
			developmentRegion = English;
			hasScannedForEncodings = 0;
			knownRegions = (
				en,
				Base,
			);
			mainGroup = 041E6F011CC6123B00E5070B;
			productRefGroup = 041E6F0B1CC6123B00E5070B /* Products */;
			projectDirPath = "";
			projectRoot = "";
			targets = (
				041E6F091CC6123B00E5070B /* ZWScrollTableViewCtrlDemo */,
				041E6F221CC6123B00E5070B /* ZWScrollTableViewCtrlDemoTests */,
				041E6F2D1CC6123B00E5070B /* ZWScrollTableViewCtrlDemoUITests */,
			);
		};
/* End PBXProject section */

/* Begin PBXResourcesBuildPhase section */
		041E6F081CC6123B00E5070B /* Resources */ = {
			isa = PBXResourcesBuildPhase;
			buildActionMask = 2147483647;
			files = (
				041E6F1D1CC6123B00E5070B /* LaunchScreen.storyboard in Resources */,
				041E6FAA1CC632DF00E5070B /* RefreshImages.bundle in Resources */,
				041E6F1A1CC6123B00E5070B /* Assets.xcassets in Resources */,
				041E6F181CC6123B00E5070B /* Main.storyboard in Resources */,
			);
			runOnlyForDeploymentPostprocessing = 0;
		};
		041E6F211CC6123B00E5070B /* Resources */ = {
			isa = PBXResourcesBuildPhase;
			buildActionMask = 2147483647;
			files = (
			);
			runOnlyForDeploymentPostprocessing = 0;
		};
		041E6F2C1CC6123B00E5070B /* Resources */ = {
			isa = PBXResourcesBuildPhase;
			buildActionMask = 2147483647;
			files = (
			);
			runOnlyForDeploymentPostprocessing = 0;
		};
/* End PBXResourcesBuildPhase section */

/* Begin PBXShellScriptBuildPhase section */
		1634D6EACD2DB0B4BEB7DFCF /* Check Pods Manifest.lock */ = {
			isa = PBXShellScriptBuildPhase;
			buildActionMask = 2147483647;
			files = (
			);
			inputPaths = (
			);
			name = "Check Pods Manifest.lock";
			outputPaths = (
			);
			runOnlyForDeploymentPostprocessing = 0;
			shellPath = /bin/sh;
			shellScript = "diff \"${PODS_ROOT}/../Podfile.lock\" \"${PODS_ROOT}/Manifest.lock\" > /dev/null\nif [[ $? != 0 ]] ; then\n    cat << EOM\nerror: The sandbox is not in sync with the Podfile.lock. Run 'pod install' or update your CocoaPods installation.\nEOM\n    exit 1\nfi\n";
			showEnvVarsInLog = 0;
		};
		69BD9929A6CEC600C728CF4B /* Embed Pods Frameworks */ = {
			isa = PBXShellScriptBuildPhase;
			buildActionMask = 2147483647;
			files = (
			);
			inputPaths = (
			);
			name = "Embed Pods Frameworks";
			outputPaths = (
			);
			runOnlyForDeploymentPostprocessing = 0;
			shellPath = /bin/sh;
			shellScript = "\"${SRCROOT}/Pods/Target Support Files/Pods/Pods-frameworks.sh\"\n";
			showEnvVarsInLog = 0;
		};
		EA3B27F55322293584EE359C /* Copy Pods Resources */ = {
			isa = PBXShellScriptBuildPhase;
			buildActionMask = 2147483647;
			files = (
			);
			inputPaths = (
			);
			name = "Copy Pods Resources";
			outputPaths = (
			);
			runOnlyForDeploymentPostprocessing = 0;
			shellPath = /bin/sh;
			shellScript = "\"${SRCROOT}/Pods/Target Support Files/Pods/Pods-resources.sh\"\n";
			showEnvVarsInLog = 0;
		};
/* End PBXShellScriptBuildPhase section */

/* Begin PBXSourcesBuildPhase section */
		041E6F061CC6123B00E5070B /* Sources */ = {
			isa = PBXSourcesBuildPhase;
			buildActionMask = 2147483647;
			files = (
				041E6F151CC6123B00E5070B /* ViewController.m in Sources */,
				044EEC571CC7139F00E4E07A /* NSString+ThreeDES.m in Sources */,
				044EEC521CC7139F00E4E07A /* NSString+GenerateUuid.m in Sources */,
				044EEC541CC7139F00E4E07A /* UIImage+IMTransform.m in Sources */,
				044EEC601CC724B600E4E07A /* NetworkClient.m in Sources */,
				044EEC611CC724B600E4E07A /* NetworkClientHelper.m in Sources */,
				041E6FAB1CC632DF00E5070B /* UITableView+EmpyFalseDataView.m in Sources */,
				044EEC5A1CC715B600E4E07A /* RSAEncryptor.m in Sources */,
				044EEC531CC7139F00E4E07A /* UIAlertView+AssociateObj.m in Sources */,
				041E6FAF1CC632DF00E5070B /* ZWScrollTableViewCtrl.m in Sources */,
				044EEC561CC7139F00E4E07A /* NSString+MD5Encrypt.m in Sources */,
				041E6FAD1CC632DF00E5070B /* ZWBaseViewController.m in Sources */,
				041E6F121CC6123B00E5070B /* AppDelegate.m in Sources */,
				041E6FAC1CC632DF00E5070B /* UIView+FixRatio.m in Sources */,
				041E6FAE1CC632DF00E5070B /* ZWConstant.m in Sources */,
				044EEC551CC7139F00E4E07A /* GTMBase64.m in Sources */,
				044EEC511CC7139F00E4E07A /* NSDateComponents+Timestamp.m in Sources */,
				041E6F0F1CC6123B00E5070B /* main.m in Sources */,
			);
			runOnlyForDeploymentPostprocessing = 0;
		};
		041E6F1F1CC6123B00E5070B /* Sources */ = {
			isa = PBXSourcesBuildPhase;
			buildActionMask = 2147483647;
			files = (
				041E6F281CC6123B00E5070B /* ZWScrollTableViewCtrlDemoTests.m in Sources */,
			);
			runOnlyForDeploymentPostprocessing = 0;
		};
		041E6F2A1CC6123B00E5070B /* Sources */ = {
			isa = PBXSourcesBuildPhase;
			buildActionMask = 2147483647;
			files = (
				041E6F331CC6123B00E5070B /* ZWScrollTableViewCtrlDemoUITests.m in Sources */,
			);
			runOnlyForDeploymentPostprocessing = 0;
		};
/* End PBXSourcesBuildPhase section */

/* Begin PBXTargetDependency section */
		041E6F251CC6123B00E5070B /* PBXTargetDependency */ = {
			isa = PBXTargetDependency;
			target = 041E6F091CC6123B00E5070B /* ZWScrollTableViewCtrlDemo */;
			targetProxy = 041E6F241CC6123B00E5070B /* PBXContainerItemProxy */;
		};
		041E6F301CC6123B00E5070B /* PBXTargetDependency */ = {
			isa = PBXTargetDependency;
			target = 041E6F091CC6123B00E5070B /* ZWScrollTableViewCtrlDemo */;
			targetProxy = 041E6F2F1CC6123B00E5070B /* PBXContainerItemProxy */;
		};
/* End PBXTargetDependency section */

/* Begin PBXVariantGroup section */
		041E6F161CC6123B00E5070B /* Main.storyboard */ = {
			isa = PBXVariantGroup;
			children = (
				041E6F171CC6123B00E5070B /* Base */,
			);
			name = Main.storyboard;
			sourceTree = "<group>";
		};
		041E6F1B1CC6123B00E5070B /* LaunchScreen.storyboard */ = {
			isa = PBXVariantGroup;
			children = (
				041E6F1C1CC6123B00E5070B /* Base */,
			);
			name = LaunchScreen.storyboard;
			sourceTree = "<group>";
		};
/* End PBXVariantGroup section */

/* Begin XCBuildConfiguration section */
		041E6F351CC6123B00E5070B /* Debug */ = {
			isa = XCBuildConfiguration;
			buildSettings = {
				ALWAYS_SEARCH_USER_PATHS = NO;
				CLANG_CXX_LANGUAGE_STANDARD = "gnu++0x";
				CLANG_CXX_LIBRARY = "libc++";
				CLANG_ENABLE_MODULES = YES;
				CLANG_ENABLE_OBJC_ARC = YES;
				CLANG_WARN_BOOL_CONVERSION = YES;
				CLANG_WARN_CONSTANT_CONVERSION = YES;
				CLANG_WARN_DIRECT_OBJC_ISA_USAGE = YES_ERROR;
				CLANG_WARN_EMPTY_BODY = YES;
				CLANG_WARN_ENUM_CONVERSION = YES;
				CLANG_WARN_INT_CONVERSION = YES;
				CLANG_WARN_OBJC_ROOT_CLASS = YES_ERROR;
				CLANG_WARN_UNREACHABLE_CODE = YES;
				CLANG_WARN__DUPLICATE_METHOD_MATCH = YES;
				"CODE_SIGN_IDENTITY[sdk=iphoneos*]" = "iPhone Developer";
				COPY_PHASE_STRIP = NO;
				DEBUG_INFORMATION_FORMAT = dwarf;
				ENABLE_STRICT_OBJC_MSGSEND = YES;
				ENABLE_TESTABILITY = YES;
				GCC_C_LANGUAGE_STANDARD = gnu99;
				GCC_DYNAMIC_NO_PIC = NO;
				GCC_NO_COMMON_BLOCKS = YES;
				GCC_OPTIMIZATION_LEVEL = 0;
				GCC_PREPROCESSOR_DEFINITIONS = (
					"DEBUG=1",
					"$(inherited)",
				);
				GCC_WARN_64_TO_32_BIT_CONVERSION = YES;
				GCC_WARN_ABOUT_RETURN_TYPE = YES_ERROR;
				GCC_WARN_UNDECLARED_SELECTOR = YES;
				GCC_WARN_UNINITIALIZED_AUTOS = YES_AGGRESSIVE;
				GCC_WARN_UNUSED_FUNCTION = YES;
				GCC_WARN_UNUSED_VARIABLE = YES;
				IPHONEOS_DEPLOYMENT_TARGET = 9.2;
				MTL_ENABLE_DEBUG_INFO = YES;
				ONLY_ACTIVE_ARCH = YES;
				SDKROOT = iphoneos;
			};
			name = Debug;
		};
		041E6F361CC6123B00E5070B /* Release */ = {
			isa = XCBuildConfiguration;
			buildSettings = {
				ALWAYS_SEARCH_USER_PATHS = NO;
				CLANG_CXX_LANGUAGE_STANDARD = "gnu++0x";
				CLANG_CXX_LIBRARY = "libc++";
				CLANG_ENABLE_MODULES = YES;
				CLANG_ENABLE_OBJC_ARC = YES;
				CLANG_WARN_BOOL_CONVERSION = YES;
				CLANG_WARN_CONSTANT_CONVERSION = YES;
				CLANG_WARN_DIRECT_OBJC_ISA_USAGE = YES_ERROR;
				CLANG_WARN_EMPTY_BODY = YES;
				CLANG_WARN_ENUM_CONVERSION = YES;
				CLANG_WARN_INT_CONVERSION = YES;
				CLANG_WARN_OBJC_ROOT_CLASS = YES_ERROR;
				CLANG_WARN_UNREACHABLE_CODE = YES;
				CLANG_WARN__DUPLICATE_METHOD_MATCH = YES;
				"CODE_SIGN_IDENTITY[sdk=iphoneos*]" = "iPhone Developer";
				COPY_PHASE_STRIP = NO;
				DEBUG_INFORMATION_FORMAT = "dwarf-with-dsym";
				ENABLE_NS_ASSERTIONS = NO;
				ENABLE_STRICT_OBJC_MSGSEND = YES;
				GCC_C_LANGUAGE_STANDARD = gnu99;
				GCC_NO_COMMON_BLOCKS = YES;
				GCC_WARN_64_TO_32_BIT_CONVERSION = YES;
				GCC_WARN_ABOUT_RETURN_TYPE = YES_ERROR;
				GCC_WARN_UNDECLARED_SELECTOR = YES;
				GCC_WARN_UNINITIALIZED_AUTOS = YES_AGGRESSIVE;
				GCC_WARN_UNUSED_FUNCTION = YES;
				GCC_WARN_UNUSED_VARIABLE = YES;
				IPHONEOS_DEPLOYMENT_TARGET = 9.2;
				MTL_ENABLE_DEBUG_INFO = NO;
				SDKROOT = iphoneos;
				VALIDATE_PRODUCT = YES;
			};
			name = Release;
		};
		041E6F381CC6123B00E5070B /* Debug */ = {
			isa = XCBuildConfiguration;
			baseConfigurationReference = 6B289629BCC9890AF298368D /* Pods.debug.xcconfig */;
			buildSettings = {
				ASSETCATALOG_COMPILER_APPICON_NAME = AppIcon;
				INFOPLIST_FILE = ZWScrollTableViewCtrlDemo/Info.plist;
				IPHONEOS_DEPLOYMENT_TARGET = 7.0;
				LD_RUNPATH_SEARCH_PATHS = "$(inherited) @executable_path/Frameworks";
				PRODUCT_BUNDLE_IDENTIFIER = zhangduokeji.ZWScrollTableViewCtrlDemo;
				PRODUCT_NAME = "$(TARGET_NAME)";
			};
			name = Debug;
		};
		041E6F391CC6123B00E5070B /* Release */ = {
			isa = XCBuildConfiguration;
			baseConfigurationReference = 1F3C8F0F64D577AD73E7844F /* Pods.release.xcconfig */;
			buildSettings = {
				ASSETCATALOG_COMPILER_APPICON_NAME = AppIcon;
				INFOPLIST_FILE = ZWScrollTableViewCtrlDemo/Info.plist;
				IPHONEOS_DEPLOYMENT_TARGET = 7.0;
				LD_RUNPATH_SEARCH_PATHS = "$(inherited) @executable_path/Frameworks";
				PRODUCT_BUNDLE_IDENTIFIER = zhangduokeji.ZWScrollTableViewCtrlDemo;
				PRODUCT_NAME = "$(TARGET_NAME)";
			};
			name = Release;
		};
		041E6F3B1CC6123B00E5070B /* Debug */ = {
			isa = XCBuildConfiguration;
			buildSettings = {
				BUNDLE_LOADER = "$(TEST_HOST)";
				INFOPLIST_FILE = ZWScrollTableViewCtrlDemoTests/Info.plist;
				LD_RUNPATH_SEARCH_PATHS = "$(inherited) @executable_path/Frameworks @loader_path/Frameworks";
				PRODUCT_BUNDLE_IDENTIFIER = zhangduokeji.ZWScrollTableViewCtrlDemoTests;
				PRODUCT_NAME = "$(TARGET_NAME)";
				TEST_HOST = "$(BUILT_PRODUCTS_DIR)/ZWScrollTableViewCtrlDemo.app/ZWScrollTableViewCtrlDemo";
			};
			name = Debug;
		};
		041E6F3C1CC6123B00E5070B /* Release */ = {
			isa = XCBuildConfiguration;
			buildSettings = {
				BUNDLE_LOADER = "$(TEST_HOST)";
				INFOPLIST_FILE = ZWScrollTableViewCtrlDemoTests/Info.plist;
				LD_RUNPATH_SEARCH_PATHS = "$(inherited) @executable_path/Frameworks @loader_path/Frameworks";
				PRODUCT_BUNDLE_IDENTIFIER = zhangduokeji.ZWScrollTableViewCtrlDemoTests;
				PRODUCT_NAME = "$(TARGET_NAME)";
				TEST_HOST = "$(BUILT_PRODUCTS_DIR)/ZWScrollTableViewCtrlDemo.app/ZWScrollTableViewCtrlDemo";
			};
			name = Release;
		};
		041E6F3E1CC6123B00E5070B /* Debug */ = {
			isa = XCBuildConfiguration;
			buildSettings = {
				INFOPLIST_FILE = ZWScrollTableViewCtrlDemoUITests/Info.plist;
				LD_RUNPATH_SEARCH_PATHS = "$(inherited) @executable_path/Frameworks @loader_path/Frameworks";
				PRODUCT_BUNDLE_IDENTIFIER = zhangduokeji.ZWScrollTableViewCtrlDemoUITests;
				PRODUCT_NAME = "$(TARGET_NAME)";
				TEST_TARGET_NAME = ZWScrollTableViewCtrlDemo;
				USES_XCTRUNNER = YES;
			};
			name = Debug;
		};
		041E6F3F1CC6123B00E5070B /* Release */ = {
			isa = XCBuildConfiguration;
			buildSettings = {
				INFOPLIST_FILE = ZWScrollTableViewCtrlDemoUITests/Info.plist;
				LD_RUNPATH_SEARCH_PATHS = "$(inherited) @executable_path/Frameworks @loader_path/Frameworks";
				PRODUCT_BUNDLE_IDENTIFIER = zhangduokeji.ZWScrollTableViewCtrlDemoUITests;
				PRODUCT_NAME = "$(TARGET_NAME)";
				TEST_TARGET_NAME = ZWScrollTableViewCtrlDemo;
				USES_XCTRUNNER = YES;
			};
			name = Release;
		};
/* End XCBuildConfiguration section */

/* Begin XCConfigurationList section */
		041E6F051CC6123B00E5070B /* Build configuration list for PBXProject "ZWScrollTableViewCtrlDemo" */ = {
			isa = XCConfigurationList;
			buildConfigurations = (
				041E6F351CC6123B00E5070B /* Debug */,
				041E6F361CC6123B00E5070B /* Release */,
			);
			defaultConfigurationIsVisible = 0;
			defaultConfigurationName = Release;
		};
		041E6F371CC6123B00E5070B /* Build configuration list for PBXNativeTarget "ZWScrollTableViewCtrlDemo" */ = {
			isa = XCConfigurationList;
			buildConfigurations = (
				041E6F381CC6123B00E5070B /* Debug */,
				041E6F391CC6123B00E5070B /* Release */,
			);
			defaultConfigurationIsVisible = 0;
			defaultConfigurationName = Release;
		};
		041E6F3A1CC6123B00E5070B /* Build configuration list for PBXNativeTarget "ZWScrollTableViewCtrlDemoTests" */ = {
			isa = XCConfigurationList;
			buildConfigurations = (
				041E6F3B1CC6123B00E5070B /* Debug */,
				041E6F3C1CC6123B00E5070B /* Release */,
			);
			defaultConfigurationIsVisible = 0;
			defaultConfigurationName = Release;
		};
		041E6F3D1CC6123B00E5070B /* Build configuration list for PBXNativeTarget "ZWScrollTableViewCtrlDemoUITests" */ = {
			isa = XCConfigurationList;
			buildConfigurations = (
				041E6F3E1CC6123B00E5070B /* Debug */,
				041E6F3F1CC6123B00E5070B /* Release */,
			);
			defaultConfigurationIsVisible = 0;
			defaultConfigurationName = Release;
		};
/* End XCConfigurationList section */
	};
	rootObject = 041E6F021CC6123B00E5070B /* Project object */;
}
