// !$*UTF8*$!
{
	archiveVersion = 1;
	classes = {
	};
	objectVersion = 46;
	objects = {

/* Begin PBXBuildFile section */
		041E6F0F1CC6123B00E5070B /* main.m in Sources */ = {isa = PBXBuildFile; fileRef = 041E6F0E1CC6123B00E5070B /* main.m */; };
		041E6F121CC6123B00E5070B /* AppDelegate.m in Sources */ = {isa = PBXBuildFile; fileRef = 041E6F111CC6123B00E5070B /* AppDelegate.m */; };
		041E6F151CC6123B00E5070B /* ViewController.m in Sources */ = {isa = PBXBuildFile; fileRef = 041E6F141CC6123B00E5070B /* ViewController.m */; };
		041E6F181CC6123B00E5070B /* Main.storyboard in Resources */ = {isa = PBXBuildFile; fileRef = 041E6F161CC6123B00E5070B /* Main.storyboard */; };
		041E6F1A1CC6123B00E5070B /* Assets.xcassets in Resources */ = {isa = PBXBuildFile; fileRef = 041E6F191CC6123B00E5070B /* Assets.xcassets */; };
		041E6F1D1CC6123B00E5070B /* LaunchScreen.storyboard in Resources */ = {isa = PBXBuildFile; fileRef = 041E6F1B1CC6123B00E5070B /* LaunchScreen.storyboard */; };
		041E6F281CC6123B00E5070B /* ZWScrollTableViewCtrlDemoTests.m in Sources */ = {isa = PBXBuildFile; fileRef = 041E6F271CC6123B00E5070B /* ZWScrollTableViewCtrlDemoTests.m */; };
		041E6F331CC6123B00E5070B /* ZWScrollTableViewCtrlDemoUITests.m in Sources */ = {isa = PBXBuildFile; fileRef = 041E6F321CC6123B00E5070B /* ZWScrollTableViewCtrlDemoUITests.m */; };
		0442EFAB1DBEF0BD00A8960B /* UINavigationBar+NavigationBarBackground.m in Sources */ = {isa = PBXBuildFile; fileRef = 0442EFAA1DBEF0BD00A8960B /* UINavigationBar+NavigationBarBackground.m */; };
		0442EFB51DBEF10400A8960B /* NSString+CalculateSize.m in Sources */ = {isa = PBXBuildFile; fileRef = 0442EFAE1DBEF10400A8960B /* NSString+CalculateSize.m */; };
		0442EFB61DBEF10400A8960B /* NSString+GenerateUuid.m in Sources */ = {isa = PBXBuildFile; fileRef = 0442EFB01DBEF10400A8960B /* NSString+GenerateUuid.m */; };
		0442EFB71DBEF10400A8960B /* NSString+InvalidNull.m in Sources */ = {isa = PBXBuildFile; fileRef = 0442EFB21DBEF10400A8960B /* NSString+InvalidNull.m */; };
		0442EFB81DBEF10400A8960B /* NSString+MoneyFormat.m in Sources */ = {isa = PBXBuildFile; fileRef = 0442EFB41DBEF10400A8960B /* NSString+MoneyFormat.m */; };
		0442EFBC1DBF653C00A8960B /* PLLAlertView.m in Sources */ = {isa = PBXBuildFile; fileRef = 0442EFBB1DBF653C00A8960B /* PLLAlertView.m */; };
		04B331AE1CF6F90C00127AC6 /* WebViewJavascriptBridge.js.txt in Resources */ = {isa = PBXBuildFile; fileRef = 04B331A81CF6F90C00127AC6 /* WebViewJavascriptBridge.js.txt */; };
		04B331AF1CF6F90C00127AC6 /* WebViewJavascriptBridge.m in Sources */ = {isa = PBXBuildFile; fileRef = 04B331A91CF6F90C00127AC6 /* WebViewJavascriptBridge.m */; };
		04B331B01CF6F90C00127AC6 /* WebViewJavascriptBridgeBase.m in Sources */ = {isa = PBXBuildFile; fileRef = 04B331AB1CF6F90C00127AC6 /* WebViewJavascriptBridgeBase.m */; };
		04B331B11CF6F90C00127AC6 /* WKWebViewJavascriptBridge.m in Sources */ = {isa = PBXBuildFile; fileRef = 04B331AD1CF6F90C00127AC6 /* WKWebViewJavascriptBridge.m */; };
		04B6AC271DC3527600C08315 /* Security.framework in Frameworks */ = {isa = PBXBuildFile; fileRef = 04B6AC261DC3527600C08315 /* Security.framework */; };
		04B6AC2F1DC3545700C08315 /* WQKeyChain.m in Sources */ = {isa = PBXBuildFile; fileRef = 04B6AC2E1DC3545700C08315 /* WQKeyChain.m */; };
		04B6AC321DC3549F00C08315 /* WQUserDataManager.m in Sources */ = {isa = PBXBuildFile; fileRef = 04B6AC311DC3549F00C08315 /* WQUserDataManager.m */; };
		04BA77471DC0417300763275 /* AuthcodeView.m in Sources */ = {isa = PBXBuildFile; fileRef = 04BA77431DC0417300763275 /* AuthcodeView.m */; };
		04BA77481DC0417300763275 /* IPAddresses.m in Sources */ = {isa = PBXBuildFile; fileRef = 04BA77461DC0417300763275 /* IPAddresses.m */; };
		04C231D91CEEF07400D27653 /* WScrollHeaderCollectionCell.m in Sources */ = {isa = PBXBuildFile; fileRef = 04C2319E1CEEF07400D27653 /* WScrollHeaderCollectionCell.m */; };
		04C231DA1CEEF07400D27653 /* WScrollHeaderCollectionCell.xib in Resources */ = {isa = PBXBuildFile; fileRef = 04C2319F1CEEF07400D27653 /* WScrollHeaderCollectionCell.xib */; };
		04C231DB1CEEF07400D27653 /* WBaseNavigationCtrl.m in Sources */ = {isa = PBXBuildFile; fileRef = 04C231A11CEEF07400D27653 /* WBaseNavigationCtrl.m */; };
		04C231DC1CEEF07400D27653 /* WBaseTabBarCtrl.m in Sources */ = {isa = PBXBuildFile; fileRef = 04C231A31CEEF07400D27653 /* WBaseTabBarCtrl.m */; };
		04C231DD1CEEF07400D27653 /* WBaseTableViewCtrl.m in Sources */ = {isa = PBXBuildFile; fileRef = 04C231A51CEEF07400D27653 /* WBaseTableViewCtrl.m */; };
		04C231DE1CEEF07400D27653 /* WBaseViewController.m in Sources */ = {isa = PBXBuildFile; fileRef = 04C231A71CEEF07400D27653 /* WBaseViewController.m */; };
		04C231DF1CEEF07400D27653 /* WScrollTableViewCtrl.m in Sources */ = {isa = PBXBuildFile; fileRef = 04C231A91CEEF07400D27653 /* WScrollTableViewCtrl.m */; };
		04C231E01CEEF07400D27653 /* NSDateComponents+Timestamp.m in Sources */ = {isa = PBXBuildFile; fileRef = 04C231AC1CEEF07400D27653 /* NSDateComponents+Timestamp.m */; };
		04C231E31CEEF07400D27653 /* UIImage+IMTransform.m in Sources */ = {isa = PBXBuildFile; fileRef = 04C231B21CEEF07400D27653 /* UIImage+IMTransform.m */; };
		04C231E41CEEF07400D27653 /* UIScrollView+Refresh.m in Sources */ = {isa = PBXBuildFile; fileRef = 04C231B41CEEF07400D27653 /* UIScrollView+Refresh.m */; };
		04C231E51CEEF07400D27653 /* UIView+EmptyFailureView.m in Sources */ = {isa = PBXBuildFile; fileRef = 04C231B61CEEF07400D27653 /* UIView+EmptyFailureView.m */; };
		04C231E71CEEF07400D27653 /* UIViewController+HUD.m in Sources */ = {isa = PBXBuildFile; fileRef = 04C231BA1CEEF07400D27653 /* UIViewController+HUD.m */; };
		04C231E81CEEF07400D27653 /* GTMBase64.m in Sources */ = {isa = PBXBuildFile; fileRef = 04C231BD1CEEF07400D27653 /* GTMBase64.m */; };
		04C231E91CEEF07400D27653 /* NSString+MD5Encrypt.m in Sources */ = {isa = PBXBuildFile; fileRef = 04C231C01CEEF07400D27653 /* NSString+MD5Encrypt.m */; };
		04C231EA1CEEF07400D27653 /* NSString+ThreeDES.m in Sources */ = {isa = PBXBuildFile; fileRef = 04C231C21CEEF07400D27653 /* NSString+ThreeDES.m */; };
		04C231EB1CEEF07400D27653 /* RSAEncryptor.m in Sources */ = {isa = PBXBuildFile; fileRef = 04C231C41CEEF07400D27653 /* RSAEncryptor.m */; };
		04C231EC1CEEF07400D27653 /* MenuTableViewCell.m in Sources */ = {isa = PBXBuildFile; fileRef = 04C231C81CEEF07400D27653 /* MenuTableViewCell.m */; };
		04C231ED1CEEF07400D27653 /* MenuTableViewCell.xib in Resources */ = {isa = PBXBuildFile; fileRef = 04C231C91CEEF07400D27653 /* MenuTableViewCell.xib */; };
		04C231EE1CEEF07400D27653 /* MenuTableViewCell480.xib in Resources */ = {isa = PBXBuildFile; fileRef = 04C231CA1CEEF07400D27653 /* MenuTableViewCell480.xib */; };
		04C231EF1CEEF07400D27653 /* MenuTableHeaderView.m in Sources */ = {isa = PBXBuildFile; fileRef = 04C231CC1CEEF07400D27653 /* MenuTableHeaderView.m */; };
		04C231F01CEEF07400D27653 /* MenuTableHeaderView.xib in Resources */ = {isa = PBXBuildFile; fileRef = 04C231CD1CEEF07400D27653 /* MenuTableHeaderView.xib */; };
		04C231F11CEEF07400D27653 /* WFrostedRootViewCtrl.m in Sources */ = {isa = PBXBuildFile; fileRef = 04C231CF1CEEF07400D27653 /* WFrostedRootViewCtrl.m */; };
		04C231F21CEEF07400D27653 /* WMenuTableViewCtrl.m in Sources */ = {isa = PBXBuildFile; fileRef = 04C231D11CEEF07400D27653 /* WMenuTableViewCtrl.m */; };
		04C231F51CEEF07400D27653 /* ResourceImages.bundle in Resources */ = {isa = PBXBuildFile; fileRef = 04C231D71CEEF07400D27653 /* ResourceImages.bundle */; };
		04C231FB1CEEF1F100D27653 /* AFHTTPRequest.m in Sources */ = {isa = PBXBuildFile; fileRef = 04C231F81CEEF1F100D27653 /* AFHTTPRequest.m */; };
		04C231FC1CEEF1F100D27653 /* AFHTTPRequestHelper.m in Sources */ = {isa = PBXBuildFile; fileRef = 04C231FA1CEEF1F100D27653 /* AFHTTPRequestHelper.m */; };
		436066F40D2DA21F3B9B0610 /* libPods.a in Frameworks */ = {isa = PBXBuildFile; fileRef = B1BDE65A4761F577A4E83116 /* libPods.a */; };
/* End PBXBuildFile section */

/* Begin PBXContainerItemProxy section */
		041E6F241CC6123B00E5070B /* PBXContainerItemProxy */ = {
			isa = PBXContainerItemProxy;
			containerPortal = 041E6F021CC6123B00E5070B /* Project object */;
			proxyType = 1;
			remoteGlobalIDString = 041E6F091CC6123B00E5070B;
			remoteInfo = ZWScrollTableViewCtrlDemo;
		};
		041E6F2F1CC6123B00E5070B /* PBXContainerItemProxy */ = {
			isa = PBXContainerItemProxy;
			containerPortal = 041E6F021CC6123B00E5070B /* Project object */;
			proxyType = 1;
			remoteGlobalIDString = 041E6F091CC6123B00E5070B;
			remoteInfo = ZWScrollTableViewCtrlDemo;
		};
/* End PBXContainerItemProxy section */

/* Begin PBXFileReference section */
		041E6F0A1CC6123B00E5070B /* ZWScrollTableViewCtrlDemo.app */ = {isa = PBXFileReference; explicitFileType = wrapper.application; includeInIndex = 0; path = ZWScrollTableViewCtrlDemo.app; sourceTree = BUILT_PRODUCTS_DIR; };
		041E6F0E1CC6123B00E5070B /* main.m */ = {isa = PBXFileReference; lastKnownFileType = sourcecode.c.objc; path = main.m; sourceTree = "<group>"; };
		041E6F101CC6123B00E5070B /* AppDelegate.h */ = {isa = PBXFileReference; lastKnownFileType = sourcecode.c.h; path = AppDelegate.h; sourceTree = "<group>"; };
		041E6F111CC6123B00E5070B /* AppDelegate.m */ = {isa = PBXFileReference; lastKnownFileType = sourcecode.c.objc; path = AppDelegate.m; sourceTree = "<group>"; };
		041E6F131CC6123B00E5070B /* ViewController.h */ = {isa = PBXFileReference; lastKnownFileType = sourcecode.c.h; path = ViewController.h; sourceTree = "<group>"; };
		041E6F141CC6123B00E5070B /* ViewController.m */ = {isa = PBXFileReference; lastKnownFileType = sourcecode.c.objc; path = ViewController.m; sourceTree = "<group>"; };
		041E6F171CC6123B00E5070B /* Base */ = {isa = PBXFileReference; lastKnownFileType = file.storyboard; name = Base; path = Base.lproj/Main.storyboard; sourceTree = "<group>"; };
		041E6F191CC6123B00E5070B /* Assets.xcassets */ = {isa = PBXFileReference; lastKnownFileType = folder.assetcatalog; path = Assets.xcassets; sourceTree = "<group>"; };
		041E6F1C1CC6123B00E5070B /* Base */ = {isa = PBXFileReference; lastKnownFileType = file.storyboard; name = Base; path = Base.lproj/LaunchScreen.storyboard; sourceTree = "<group>"; };
		041E6F1E1CC6123B00E5070B /* Info.plist */ = {isa = PBXFileReference; lastKnownFileType = text.plist.xml; path = Info.plist; sourceTree = "<group>"; };
		041E6F231CC6123B00E5070B /* ZWScrollTableViewCtrlDemoTests.xctest */ = {isa = PBXFileReference; explicitFileType = wrapper.cfbundle; includeInIndex = 0; path = ZWScrollTableViewCtrlDemoTests.xctest; sourceTree = BUILT_PRODUCTS_DIR; };
		041E6F271CC6123B00E5070B /* ZWScrollTableViewCtrlDemoTests.m */ = {isa = PBXFileReference; lastKnownFileType = sourcecode.c.objc; path = ZWScrollTableViewCtrlDemoTests.m; sourceTree = "<group>"; };
		041E6F291CC6123B00E5070B /* Info.plist */ = {isa = PBXFileReference; lastKnownFileType = text.plist.xml; path = Info.plist; sourceTree = "<group>"; };
		041E6F2E1CC6123B00E5070B /* ZWScrollTableViewCtrlDemoUITests.xctest */ = {isa = PBXFileReference; explicitFileType = wrapper.cfbundle; includeInIndex = 0; path = ZWScrollTableViewCtrlDemoUITests.xctest; sourceTree = BUILT_PRODUCTS_DIR; };
		041E6F321CC6123B00E5070B /* ZWScrollTableViewCtrlDemoUITests.m */ = {isa = PBXFileReference; lastKnownFileType = sourcecode.c.objc; path = ZWScrollTableViewCtrlDemoUITests.m; sourceTree = "<group>"; };
		041E6F341CC6123B00E5070B /* Info.plist */ = {isa = PBXFileReference; lastKnownFileType = text.plist.xml; path = Info.plist; sourceTree = "<group>"; };
		0442EFA91DBEF0BD00A8960B /* UINavigationBar+NavigationBarBackground.h */ = {isa = PBXFileReference; fileEncoding = 4; lastKnownFileType = sourcecode.c.h; path = "UINavigationBar+NavigationBarBackground.h"; sourceTree = "<group>"; };
		0442EFAA1DBEF0BD00A8960B /* UINavigationBar+NavigationBarBackground.m */ = {isa = PBXFileReference; fileEncoding = 4; lastKnownFileType = sourcecode.c.objc; path = "UINavigationBar+NavigationBarBackground.m"; sourceTree = "<group>"; };
		0442EFAD1DBEF10400A8960B /* NSString+CalculateSize.h */ = {isa = PBXFileReference; fileEncoding = 4; lastKnownFileType = sourcecode.c.h; path = "NSString+CalculateSize.h"; sourceTree = "<group>"; };
		0442EFAE1DBEF10400A8960B /* NSString+CalculateSize.m */ = {isa = PBXFileReference; fileEncoding = 4; lastKnownFileType = sourcecode.c.objc; path = "NSString+CalculateSize.m"; sourceTree = "<group>"; };
		0442EFAF1DBEF10400A8960B /* NSString+GenerateUuid.h */ = {isa = PBXFileReference; fileEncoding = 4; lastKnownFileType = sourcecode.c.h; path = "NSString+GenerateUuid.h"; sourceTree = "<group>"; };
		0442EFB01DBEF10400A8960B /* NSString+GenerateUuid.m */ = {isa = PBXFileReference; fileEncoding = 4; lastKnownFileType = sourcecode.c.objc; path = "NSString+GenerateUuid.m"; sourceTree = "<group>"; };
		0442EFB11DBEF10400A8960B /* NSString+InvalidNull.h */ = {isa = PBXFileReference; fileEncoding = 4; lastKnownFileType = sourcecode.c.h; path = "NSString+InvalidNull.h"; sourceTree = "<group>"; };
		0442EFB21DBEF10400A8960B /* NSString+InvalidNull.m */ = {isa = PBXFileReference; fileEncoding = 4; lastKnownFileType = sourcecode.c.objc; path = "NSString+InvalidNull.m"; sourceTree = "<group>"; };
		0442EFB31DBEF10400A8960B /* NSString+MoneyFormat.h */ = {isa = PBXFileReference; fileEncoding = 4; lastKnownFileType = sourcecode.c.h; path = "NSString+MoneyFormat.h"; sourceTree = "<group>"; };
		0442EFB41DBEF10400A8960B /* NSString+MoneyFormat.m */ = {isa = PBXFileReference; fileEncoding = 4; lastKnownFileType = sourcecode.c.objc; path = "NSString+MoneyFormat.m"; sourceTree = "<group>"; };
		0442EFBA1DBF653C00A8960B /* PLLAlertView.h */ = {isa = PBXFileReference; fileEncoding = 4; lastKnownFileType = sourcecode.c.h; path = PLLAlertView.h; sourceTree = "<group>"; };
		0442EFBB1DBF653C00A8960B /* PLLAlertView.m */ = {isa = PBXFileReference; fileEncoding = 4; lastKnownFileType = sourcecode.c.objc; path = PLLAlertView.m; sourceTree = "<group>"; };
		04B331A71CF6F90C00127AC6 /* WebViewJavascriptBridge.h */ = {isa = PBXFileReference; fileEncoding = 4; lastKnownFileType = sourcecode.c.h; path = WebViewJavascriptBridge.h; sourceTree = "<group>"; };
		04B331A81CF6F90C00127AC6 /* WebViewJavascriptBridge.js.txt */ = {isa = PBXFileReference; fileEncoding = 4; lastKnownFileType = text; path = WebViewJavascriptBridge.js.txt; sourceTree = "<group>"; };
		04B331A91CF6F90C00127AC6 /* WebViewJavascriptBridge.m */ = {isa = PBXFileReference; fileEncoding = 4; lastKnownFileType = sourcecode.c.objc; path = WebViewJavascriptBridge.m; sourceTree = "<group>"; };
		04B331AA1CF6F90C00127AC6 /* WebViewJavascriptBridgeBase.h */ = {isa = PBXFileReference; fileEncoding = 4; lastKnownFileType = sourcecode.c.h; path = WebViewJavascriptBridgeBase.h; sourceTree = "<group>"; };
		04B331AB1CF6F90C00127AC6 /* WebViewJavascriptBridgeBase.m */ = {isa = PBXFileReference; fileEncoding = 4; lastKnownFileType = sourcecode.c.objc; path = WebViewJavascriptBridgeBase.m; sourceTree = "<group>"; };
		04B331AC1CF6F90C00127AC6 /* WKWebViewJavascriptBridge.h */ = {isa = PBXFileReference; fileEncoding = 4; lastKnownFileType = sourcecode.c.h; path = WKWebViewJavascriptBridge.h; sourceTree = "<group>"; };
		04B331AD1CF6F90C00127AC6 /* WKWebViewJavascriptBridge.m */ = {isa = PBXFileReference; fileEncoding = 4; lastKnownFileType = sourcecode.c.objc; path = WKWebViewJavascriptBridge.m; sourceTree = "<group>"; };
		04B6AC261DC3527600C08315 /* Security.framework */ = {isa = PBXFileReference; lastKnownFileType = wrapper.framework; name = Security.framework; path = System/Library/Frameworks/Security.framework; sourceTree = SDKROOT; };
		04B6AC2D1DC3545700C08315 /* WQKeyChain.h */ = {isa = PBXFileReference; fileEncoding = 4; lastKnownFileType = sourcecode.c.h; path = WQKeyChain.h; sourceTree = "<group>"; };
		04B6AC2E1DC3545700C08315 /* WQKeyChain.m */ = {isa = PBXFileReference; fileEncoding = 4; lastKnownFileType = sourcecode.c.objc; path = WQKeyChain.m; sourceTree = "<group>"; };
		04B6AC301DC3549F00C08315 /* WQUserDataManager.h */ = {isa = PBXFileReference; fileEncoding = 4; lastKnownFileType = sourcecode.c.h; path = WQUserDataManager.h; sourceTree = "<group>"; };
		04B6AC311DC3549F00C08315 /* WQUserDataManager.m */ = {isa = PBXFileReference; fileEncoding = 4; lastKnownFileType = sourcecode.c.objc; path = WQUserDataManager.m; sourceTree = "<group>"; };
		04B873601D0EBD650015D128 /* WConstants.h */ = {isa = PBXFileReference; lastKnownFileType = sourcecode.c.h; path = WConstants.h; sourceTree = "<group>"; };
		04BA77421DC0417300763275 /* AuthcodeView.h */ = {isa = PBXFileReference; fileEncoding = 4; lastKnownFileType = sourcecode.c.h; path = AuthcodeView.h; sourceTree = "<group>"; };
		04BA77431DC0417300763275 /* AuthcodeView.m */ = {isa = PBXFileReference; fileEncoding = 4; lastKnownFileType = sourcecode.c.objc; path = AuthcodeView.m; sourceTree = "<group>"; };
		04BA77451DC0417300763275 /* IPAddresses.h */ = {isa = PBXFileReference; fileEncoding = 4; lastKnownFileType = sourcecode.c.h; path = IPAddresses.h; sourceTree = "<group>"; };
		04BA77461DC0417300763275 /* IPAddresses.m */ = {isa = PBXFileReference; fileEncoding = 4; lastKnownFileType = sourcecode.c.objc; path = IPAddresses.m; sourceTree = "<group>"; };
		04C231991CEEE9E300D27653 /* ZWScrollTableViewCtrlDemo-prefix.pch */ = {isa = PBXFileReference; lastKnownFileType = sourcecode.c.h; path = "ZWScrollTableViewCtrlDemo-prefix.pch"; sourceTree = "<group>"; };
		04C2319D1CEEF07400D27653 /* WScrollHeaderCollectionCell.h */ = {isa = PBXFileReference; fileEncoding = 4; lastKnownFileType = sourcecode.c.h; path = WScrollHeaderCollectionCell.h; sourceTree = "<group>"; };
		04C2319E1CEEF07400D27653 /* WScrollHeaderCollectionCell.m */ = {isa = PBXFileReference; fileEncoding = 4; lastKnownFileType = sourcecode.c.objc; path = WScrollHeaderCollectionCell.m; sourceTree = "<group>"; };
		04C2319F1CEEF07400D27653 /* WScrollHeaderCollectionCell.xib */ = {isa = PBXFileReference; fileEncoding = 4; lastKnownFileType = file.xib; path = WScrollHeaderCollectionCell.xib; sourceTree = "<group>"; };
		04C231A01CEEF07400D27653 /* WBaseNavigationCtrl.h */ = {isa = PBXFileReference; fileEncoding = 4; lastKnownFileType = sourcecode.c.h; path = WBaseNavigationCtrl.h; sourceTree = "<group>"; };
		04C231A11CEEF07400D27653 /* WBaseNavigationCtrl.m */ = {isa = PBXFileReference; fileEncoding = 4; lastKnownFileType = sourcecode.c.objc; path = WBaseNavigationCtrl.m; sourceTree = "<group>"; };
		04C231A21CEEF07400D27653 /* WBaseTabBarCtrl.h */ = {isa = PBXFileReference; fileEncoding = 4; lastKnownFileType = sourcecode.c.h; path = WBaseTabBarCtrl.h; sourceTree = "<group>"; };
		04C231A31CEEF07400D27653 /* WBaseTabBarCtrl.m */ = {isa = PBXFileReference; fileEncoding = 4; lastKnownFileType = sourcecode.c.objc; path = WBaseTabBarCtrl.m; sourceTree = "<group>"; };
		04C231A41CEEF07400D27653 /* WBaseTableViewCtrl.h */ = {isa = PBXFileReference; fileEncoding = 4; lastKnownFileType = sourcecode.c.h; path = WBaseTableViewCtrl.h; sourceTree = "<group>"; };
		04C231A51CEEF07400D27653 /* WBaseTableViewCtrl.m */ = {isa = PBXFileReference; fileEncoding = 4; lastKnownFileType = sourcecode.c.objc; path = WBaseTableViewCtrl.m; sourceTree = "<group>"; };
		04C231A61CEEF07400D27653 /* WBaseViewController.h */ = {isa = PBXFileReference; fileEncoding = 4; lastKnownFileType = sourcecode.c.h; path = WBaseViewController.h; sourceTree = "<group>"; };
		04C231A71CEEF07400D27653 /* WBaseViewController.m */ = {isa = PBXFileReference; fileEncoding = 4; lastKnownFileType = sourcecode.c.objc; path = WBaseViewController.m; sourceTree = "<group>"; };
		04C231A81CEEF07400D27653 /* WScrollTableViewCtrl.h */ = {isa = PBXFileReference; fileEncoding = 4; lastKnownFileType = sourcecode.c.h; path = WScrollTableViewCtrl.h; sourceTree = "<group>"; };
		04C231A91CEEF07400D27653 /* WScrollTableViewCtrl.m */ = {isa = PBXFileReference; fileEncoding = 4; lastKnownFileType = sourcecode.c.objc; path = WScrollTableViewCtrl.m; sourceTree = "<group>"; };
		04C231AB1CEEF07400D27653 /* NSDateComponents+Timestamp.h */ = {isa = PBXFileReference; fileEncoding = 4; lastKnownFileType = sourcecode.c.h; path = "NSDateComponents+Timestamp.h"; sourceTree = "<group>"; };
		04C231AC1CEEF07400D27653 /* NSDateComponents+Timestamp.m */ = {isa = PBXFileReference; fileEncoding = 4; lastKnownFileType = sourcecode.c.objc; path = "NSDateComponents+Timestamp.m"; sourceTree = "<group>"; };
		04C231B11CEEF07400D27653 /* UIImage+IMTransform.h */ = {isa = PBXFileReference; fileEncoding = 4; lastKnownFileType = sourcecode.c.h; path = "UIImage+IMTransform.h"; sourceTree = "<group>"; };
		04C231B21CEEF07400D27653 /* UIImage+IMTransform.m */ = {isa = PBXFileReference; fileEncoding = 4; lastKnownFileType = sourcecode.c.objc; path = "UIImage+IMTransform.m"; sourceTree = "<group>"; };
		04C231B31CEEF07400D27653 /* UIScrollView+Refresh.h */ = {isa = PBXFileReference; fileEncoding = 4; lastKnownFileType = sourcecode.c.h; path = "UIScrollView+Refresh.h"; sourceTree = "<group>"; };
		04C231B41CEEF07400D27653 /* UIScrollView+Refresh.m */ = {isa = PBXFileReference; fileEncoding = 4; lastKnownFileType = sourcecode.c.objc; path = "UIScrollView+Refresh.m"; sourceTree = "<group>"; };
		04C231B51CEEF07400D27653 /* UIView+EmptyFailureView.h */ = {isa = PBXFileReference; fileEncoding = 4; lastKnownFileType = sourcecode.c.h; path = "UIView+EmptyFailureView.h"; sourceTree = "<group>"; };
		04C231B61CEEF07400D27653 /* UIView+EmptyFailureView.m */ = {isa = PBXFileReference; fileEncoding = 4; lastKnownFileType = sourcecode.c.objc; path = "UIView+EmptyFailureView.m"; sourceTree = "<group>"; };
		04C231B91CEEF07400D27653 /* UIViewController+HUD.h */ = {isa = PBXFileReference; fileEncoding = 4; lastKnownFileType = sourcecode.c.h; path = "UIViewController+HUD.h"; sourceTree = "<group>"; };
		04C231BA1CEEF07400D27653 /* UIViewController+HUD.m */ = {isa = PBXFileReference; fileEncoding = 4; lastKnownFileType = sourcecode.c.objc; path = "UIViewController+HUD.m"; sourceTree = "<group>"; };
		04C231BC1CEEF07400D27653 /* GTMBase64.h */ = {isa = PBXFileReference; fileEncoding = 4; lastKnownFileType = sourcecode.c.h; path = GTMBase64.h; sourceTree = "<group>"; };
		04C231BD1CEEF07400D27653 /* GTMBase64.m */ = {isa = PBXFileReference; fileEncoding = 4; lastKnownFileType = sourcecode.c.objc; path = GTMBase64.m; sourceTree = "<group>"; };
		04C231BE1CEEF07400D27653 /* GTMDefines.h */ = {isa = PBXFileReference; fileEncoding = 4; lastKnownFileType = sourcecode.c.h; path = GTMDefines.h; sourceTree = "<group>"; };
		04C231BF1CEEF07400D27653 /* NSString+MD5Encrypt.h */ = {isa = PBXFileReference; fileEncoding = 4; lastKnownFileType = sourcecode.c.h; path = "NSString+MD5Encrypt.h"; sourceTree = "<group>"; };
		04C231C01CEEF07400D27653 /* NSString+MD5Encrypt.m */ = {isa = PBXFileReference; fileEncoding = 4; lastKnownFileType = sourcecode.c.objc; path = "NSString+MD5Encrypt.m"; sourceTree = "<group>"; };
		04C231C11CEEF07400D27653 /* NSString+ThreeDES.h */ = {isa = PBXFileReference; fileEncoding = 4; lastKnownFileType = sourcecode.c.h; path = "NSString+ThreeDES.h"; sourceTree = "<group>"; };
		04C231C21CEEF07400D27653 /* NSString+ThreeDES.m */ = {isa = PBXFileReference; fileEncoding = 4; lastKnownFileType = sourcecode.c.objc; path = "NSString+ThreeDES.m"; sourceTree = "<group>"; };
		04C231C31CEEF07400D27653 /* RSAEncryptor.h */ = {isa = PBXFileReference; fileEncoding = 4; lastKnownFileType = sourcecode.c.h; path = RSAEncryptor.h; sourceTree = "<group>"; };
		04C231C41CEEF07400D27653 /* RSAEncryptor.m */ = {isa = PBXFileReference; fileEncoding = 4; lastKnownFileType = sourcecode.c.objc; path = RSAEncryptor.m; sourceTree = "<group>"; };
		04C231C71CEEF07400D27653 /* MenuTableViewCell.h */ = {isa = PBXFileReference; fileEncoding = 4; lastKnownFileType = sourcecode.c.h; path = MenuTableViewCell.h; sourceTree = "<group>"; };
		04C231C81CEEF07400D27653 /* MenuTableViewCell.m */ = {isa = PBXFileReference; fileEncoding = 4; lastKnownFileType = sourcecode.c.objc; path = MenuTableViewCell.m; sourceTree = "<group>"; };
		04C231C91CEEF07400D27653 /* MenuTableViewCell.xib */ = {isa = PBXFileReference; fileEncoding = 4; lastKnownFileType = file.xib; path = MenuTableViewCell.xib; sourceTree = "<group>"; };
		04C231CA1CEEF07400D27653 /* MenuTableViewCell480.xib */ = {isa = PBXFileReference; fileEncoding = 4; lastKnownFileType = file.xib; path = MenuTableViewCell480.xib; sourceTree = "<group>"; };
		04C231CB1CEEF07400D27653 /* MenuTableHeaderView.h */ = {isa = PBXFileReference; fileEncoding = 4; lastKnownFileType = sourcecode.c.h; path = MenuTableHeaderView.h; sourceTree = "<group>"; };
		04C231CC1CEEF07400D27653 /* MenuTableHeaderView.m */ = {isa = PBXFileReference; fileEncoding = 4; lastKnownFileType = sourcecode.c.objc; path = MenuTableHeaderView.m; sourceTree = "<group>"; };
		04C231CD1CEEF07400D27653 /* MenuTableHeaderView.xib */ = {isa = PBXFileReference; fileEncoding = 4; lastKnownFileType = file.xib; path = MenuTableHeaderView.xib; sourceTree = "<group>"; };
		04C231CE1CEEF07400D27653 /* WFrostedRootViewCtrl.h */ = {isa = PBXFileReference; fileEncoding = 4; lastKnownFileType = sourcecode.c.h; path = WFrostedRootViewCtrl.h; sourceTree = "<group>"; };
		04C231CF1CEEF07400D27653 /* WFrostedRootViewCtrl.m */ = {isa = PBXFileReference; fileEncoding = 4; lastKnownFileType = sourcecode.c.objc; path = WFrostedRootViewCtrl.m; sourceTree = "<group>"; };
		04C231D01CEEF07400D27653 /* WMenuTableViewCtrl.h */ = {isa = PBXFileReference; fileEncoding = 4; lastKnownFileType = sourcecode.c.h; path = WMenuTableViewCtrl.h; sourceTree = "<group>"; };
		04C231D11CEEF07400D27653 /* WMenuTableViewCtrl.m */ = {isa = PBXFileReference; fileEncoding = 4; lastKnownFileType = sourcecode.c.objc; path = WMenuTableViewCtrl.m; sourceTree = "<group>"; };
		04C231D71CEEF07400D27653 /* ResourceImages.bundle */ = {isa = PBXFileReference; lastKnownFileType = "wrapper.plug-in"; path = ResourceImages.bundle; sourceTree = "<group>"; };
		04C231D81CEEF07400D27653 /* WBaseFoundation.h */ = {isa = PBXFileReference; fileEncoding = 4; lastKnownFileType = sourcecode.c.h; path = WBaseFoundation.h; sourceTree = "<group>"; };
		04C231F71CEEF1F100D27653 /* AFHTTPRequest.h */ = {isa = PBXFileReference; fileEncoding = 4; lastKnownFileType = sourcecode.c.h; path = AFHTTPRequest.h; sourceTree = "<group>"; };
		04C231F81CEEF1F100D27653 /* AFHTTPRequest.m */ = {isa = PBXFileReference; fileEncoding = 4; lastKnownFileType = sourcecode.c.objc; path = AFHTTPRequest.m; sourceTree = "<group>"; };
		04C231F91CEEF1F100D27653 /* AFHTTPRequestHelper.h */ = {isa = PBXFileReference; fileEncoding = 4; lastKnownFileType = sourcecode.c.h; path = AFHTTPRequestHelper.h; sourceTree = "<group>"; };
		04C231FA1CEEF1F100D27653 /* AFHTTPRequestHelper.m */ = {isa = PBXFileReference; fileEncoding = 4; lastKnownFileType = sourcecode.c.objc; path = AFHTTPRequestHelper.m; sourceTree = "<group>"; };
		1F3C8F0F64D577AD73E7844F /* Pods.release.xcconfig */ = {isa = PBXFileReference; includeInIndex = 1; lastKnownFileType = text.xcconfig; name = Pods.release.xcconfig; path = "Pods/Target Support Files/Pods/Pods.release.xcconfig"; sourceTree = "<group>"; };
		6B289629BCC9890AF298368D /* Pods.debug.xcconfig */ = {isa = PBXFileReference; includeInIndex = 1; lastKnownFileType = text.xcconfig; name = Pods.debug.xcconfig; path = "Pods/Target Support Files/Pods/Pods.debug.xcconfig"; sourceTree = "<group>"; };
		B1BDE65A4761F577A4E83116 /* libPods.a */ = {isa = PBXFileReference; explicitFileType = archive.ar; includeInIndex = 0; path = libPods.a; sourceTree = BUILT_PRODUCTS_DIR; };
/* End PBXFileReference section */

/* Begin PBXFrameworksBuildPhase section */
		041E6F071CC6123B00E5070B /* Frameworks */ = {
			isa = PBXFrameworksBuildPhase;
			buildActionMask = 2147483647;
			files = (
				04B6AC271DC3527600C08315 /* Security.framework in Frameworks */,
				436066F40D2DA21F3B9B0610 /* libPods.a in Frameworks */,
			);
			runOnlyForDeploymentPostprocessing = 0;
		};
		041E6F201CC6123B00E5070B /* Frameworks */ = {
			isa = PBXFrameworksBuildPhase;
			buildActionMask = 2147483647;
			files = (
			);
			runOnlyForDeploymentPostprocessing = 0;
		};
		041E6F2B1CC6123B00E5070B /* Frameworks */ = {
			isa = PBXFrameworksBuildPhase;
			buildActionMask = 2147483647;
			files = (
			);
			runOnlyForDeploymentPostprocessing = 0;
		};
/* End PBXFrameworksBuildPhase section */

/* Begin PBXGroup section */
		041E6F011CC6123B00E5070B = {
			isa = PBXGroup;
			children = (
				041E6F0C1CC6123B00E5070B /* ZWScrollTableViewCtrlDemo */,
				041E6F261CC6123B00E5070B /* ZWScrollTableViewCtrlDemoTests */,
				041E6F311CC6123B00E5070B /* ZWScrollTableViewCtrlDemoUITests */,
				041E6F0B1CC6123B00E5070B /* Products */,
				1BAC17580A7E878E3D3A4335 /* Pods */,
				7FAFAE0DA6AB4A9A8DE970C7 /* Frameworks */,
			);
			sourceTree = "<group>";
		};
		041E6F0B1CC6123B00E5070B /* Products */ = {
			isa = PBXGroup;
			children = (
				041E6F0A1CC6123B00E5070B /* ZWScrollTableViewCtrlDemo.app */,
				041E6F231CC6123B00E5070B /* ZWScrollTableViewCtrlDemoTests.xctest */,
				041E6F2E1CC6123B00E5070B /* ZWScrollTableViewCtrlDemoUITests.xctest */,
			);
			name = Products;
			sourceTree = "<group>";
		};
		041E6F0C1CC6123B00E5070B /* ZWScrollTableViewCtrlDemo */ = {
			isa = PBXGroup;
			children = (
				04C2319A1CEEF07400D27653 /* WBaseFoundation */,
				041E6F101CC6123B00E5070B /* AppDelegate.h */,
				041E6F111CC6123B00E5070B /* AppDelegate.m */,
				041E6F131CC6123B00E5070B /* ViewController.h */,
				041E6F141CC6123B00E5070B /* ViewController.m */,
				041E6F161CC6123B00E5070B /* Main.storyboard */,
				041E6F191CC6123B00E5070B /* Assets.xcassets */,
				041E6F1B1CC6123B00E5070B /* LaunchScreen.storyboard */,
				041E6F1E1CC6123B00E5070B /* Info.plist */,
				04C231991CEEE9E300D27653 /* ZWScrollTableViewCtrlDemo-prefix.pch */,
				041E6F0D1CC6123B00E5070B /* Supporting Files */,
			);
			path = ZWScrollTableViewCtrlDemo;
			sourceTree = "<group>";
		};
		041E6F0D1CC6123B00E5070B /* Supporting Files */ = {
			isa = PBXGroup;
			children = (
				041E6F0E1CC6123B00E5070B /* main.m */,
			);
			name = "Supporting Files";
			sourceTree = "<group>";
		};
		041E6F261CC6123B00E5070B /* ZWScrollTableViewCtrlDemoTests */ = {
			isa = PBXGroup;
			children = (
				041E6F271CC6123B00E5070B /* ZWScrollTableViewCtrlDemoTests.m */,
				041E6F291CC6123B00E5070B /* Info.plist */,
			);
			path = ZWScrollTableViewCtrlDemoTests;
			sourceTree = "<group>";
		};
		041E6F311CC6123B00E5070B /* ZWScrollTableViewCtrlDemoUITests */ = {
			isa = PBXGroup;
			children = (
				041E6F321CC6123B00E5070B /* ZWScrollTableViewCtrlDemoUITests.m */,
				041E6F341CC6123B00E5070B /* Info.plist */,
			);
			path = ZWScrollTableViewCtrlDemoUITests;
			sourceTree = "<group>";
		};
		0442EFA81DBEF0BD00A8960B /* UINavigationBar+NavigationBarBackground */ = {
			isa = PBXGroup;
			children = (
				0442EFA91DBEF0BD00A8960B /* UINavigationBar+NavigationBarBackground.h */,
				0442EFAA1DBEF0BD00A8960B /* UINavigationBar+NavigationBarBackground.m */,
			);
			path = "UINavigationBar+NavigationBarBackground";
			sourceTree = "<group>";
		};
		0442EFAC1DBEF10400A8960B /* NSString+Category */ = {
			isa = PBXGroup;
			children = (
				0442EFAD1DBEF10400A8960B /* NSString+CalculateSize.h */,
				0442EFAE1DBEF10400A8960B /* NSString+CalculateSize.m */,
				0442EFAF1DBEF10400A8960B /* NSString+GenerateUuid.h */,
				0442EFB01DBEF10400A8960B /* NSString+GenerateUuid.m */,
				0442EFB11DBEF10400A8960B /* NSString+InvalidNull.h */,
				0442EFB21DBEF10400A8960B /* NSString+InvalidNull.m */,
				0442EFB31DBEF10400A8960B /* NSString+MoneyFormat.h */,
				0442EFB41DBEF10400A8960B /* NSString+MoneyFormat.m */,
			);
			path = "NSString+Category";
			sourceTree = "<group>";
		};
		0442EFB91DBF653C00A8960B /* PLLAlertView */ = {
			isa = PBXGroup;
			children = (
				0442EFBA1DBF653C00A8960B /* PLLAlertView.h */,
				0442EFBB1DBF653C00A8960B /* PLLAlertView.m */,
			);
			path = PLLAlertView;
			sourceTree = "<group>";
		};
		04B331A61CF6F90C00127AC6 /* WebViewJavascriptBridge */ = {
			isa = PBXGroup;
			children = (
				04B331A71CF6F90C00127AC6 /* WebViewJavascriptBridge.h */,
				04B331A81CF6F90C00127AC6 /* WebViewJavascriptBridge.js.txt */,
				04B331A91CF6F90C00127AC6 /* WebViewJavascriptBridge.m */,
				04B331AA1CF6F90C00127AC6 /* WebViewJavascriptBridgeBase.h */,
				04B331AB1CF6F90C00127AC6 /* WebViewJavascriptBridgeBase.m */,
				04B331AC1CF6F90C00127AC6 /* WKWebViewJavascriptBridge.h */,
				04B331AD1CF6F90C00127AC6 /* WKWebViewJavascriptBridge.m */,
			);
			path = WebViewJavascriptBridge;
			sourceTree = "<group>";
		};
		04B6AC2C1DC3543900C08315 /* WQKeyChain */ = {
			isa = PBXGroup;
			children = (
				04B6AC2D1DC3545700C08315 /* WQKeyChain.h */,
				04B6AC2E1DC3545700C08315 /* WQKeyChain.m */,
				04B6AC301DC3549F00C08315 /* WQUserDataManager.h */,
				04B6AC311DC3549F00C08315 /* WQUserDataManager.m */,
			);
			path = WQKeyChain;
			sourceTree = "<group>";
		};
		04BA77411DC0417300763275 /* AuthcodeView */ = {
			isa = PBXGroup;
			children = (
				04BA77421DC0417300763275 /* AuthcodeView.h */,
				04BA77431DC0417300763275 /* AuthcodeView.m */,
			);
			path = AuthcodeView;
			sourceTree = "<group>";
		};
		04BA77441DC0417300763275 /* IPAddresses */ = {
			isa = PBXGroup;
			children = (
				04BA77451DC0417300763275 /* IPAddresses.h */,
				04BA77461DC0417300763275 /* IPAddresses.m */,
			);
			path = IPAddresses;
			sourceTree = "<group>";
		};
		04BFFDFB1CFD622300777909 /* Venders */ = {
			isa = PBXGroup;
			children = (
				04B6AC2C1DC3543900C08315 /* WQKeyChain */,
				04BA77411DC0417300763275 /* AuthcodeView */,
				04BA77441DC0417300763275 /* IPAddresses */,
				0442EFB91DBF653C00A8960B /* PLLAlertView */,
			);
			path = Venders;
			sourceTree = "<group>";
		};
		04C2319A1CEEF07400D27653 /* WBaseFoundation */ = {
			isa = PBXGroup;
			children = (
				04C231D81CEEF07400D27653 /* WBaseFoundation.h */,
				04B873601D0EBD650015D128 /* WConstants.h */,
				04BFFDFB1CFD622300777909 /* Venders */,
				04B331A61CF6F90C00127AC6 /* WebViewJavascriptBridge */,
				04C2319B1CEEF07400D27653 /* Base */,
				04C231AA1CEEF07400D27653 /* Categorys */,
				04C231BB1CEEF07400D27653 /* EncryptArithmetic */,
				04C231C51CEEF07400D27653 /* Menu */,
				04C231F61CEEF1F100D27653 /* HTTPManager */,
				04C231D71CEEF07400D27653 /* ResourceImages.bundle */,
			);
			path = WBaseFoundation;
			sourceTree = "<group>";
		};
		04C2319B1CEEF07400D27653 /* Base */ = {
			isa = PBXGroup;
			children = (
				04C2319C1CEEF07400D27653 /* Cell */,
				04C231A01CEEF07400D27653 /* WBaseNavigationCtrl.h */,
				04C231A11CEEF07400D27653 /* WBaseNavigationCtrl.m */,
				04C231A21CEEF07400D27653 /* WBaseTabBarCtrl.h */,
				04C231A31CEEF07400D27653 /* WBaseTabBarCtrl.m */,
				04C231A41CEEF07400D27653 /* WBaseTableViewCtrl.h */,
				04C231A51CEEF07400D27653 /* WBaseTableViewCtrl.m */,
				04C231A61CEEF07400D27653 /* WBaseViewController.h */,
				04C231A71CEEF07400D27653 /* WBaseViewController.m */,
				04C231A81CEEF07400D27653 /* WScrollTableViewCtrl.h */,
				04C231A91CEEF07400D27653 /* WScrollTableViewCtrl.m */,
			);
			path = Base;
			sourceTree = "<group>";
		};
		04C2319C1CEEF07400D27653 /* Cell */ = {
			isa = PBXGroup;
			children = (
				04C2319D1CEEF07400D27653 /* WScrollHeaderCollectionCell.h */,
				04C2319E1CEEF07400D27653 /* WScrollHeaderCollectionCell.m */,
				04C2319F1CEEF07400D27653 /* WScrollHeaderCollectionCell.xib */,
			);
			path = Cell;
			sourceTree = "<group>";
		};
		04C231AA1CEEF07400D27653 /* Categorys */ = {
			isa = PBXGroup;
			children = (
				0442EFAC1DBEF10400A8960B /* NSString+Category */,
				0442EFA81DBEF0BD00A8960B /* UINavigationBar+NavigationBarBackground */,
				04C231AB1CEEF07400D27653 /* NSDateComponents+Timestamp.h */,
				04C231AC1CEEF07400D27653 /* NSDateComponents+Timestamp.m */,
				04C231B11CEEF07400D27653 /* UIImage+IMTransform.h */,
				04C231B21CEEF07400D27653 /* UIImage+IMTransform.m */,
				04C231B31CEEF07400D27653 /* UIScrollView+Refresh.h */,
				04C231B41CEEF07400D27653 /* UIScrollView+Refresh.m */,
				04C231B51CEEF07400D27653 /* UIView+EmptyFailureView.h */,
				04C231B61CEEF07400D27653 /* UIView+EmptyFailureView.m */,
				04C231B91CEEF07400D27653 /* UIViewController+HUD.h */,
				04C231BA1CEEF07400D27653 /* UIViewController+HUD.m */,
			);
			path = Categorys;
			sourceTree = "<group>";
		};
		04C231BB1CEEF07400D27653 /* EncryptArithmetic */ = {
			isa = PBXGroup;
			children = (
				04C231BC1CEEF07400D27653 /* GTMBase64.h */,
				04C231BD1CEEF07400D27653 /* GTMBase64.m */,
				04C231BE1CEEF07400D27653 /* GTMDefines.h */,
				04C231BF1CEEF07400D27653 /* NSString+MD5Encrypt.h */,
				04C231C01CEEF07400D27653 /* NSString+MD5Encrypt.m */,
				04C231C11CEEF07400D27653 /* NSString+ThreeDES.h */,
				04C231C21CEEF07400D27653 /* NSString+ThreeDES.m */,
				04C231C31CEEF07400D27653 /* RSAEncryptor.h */,
				04C231C41CEEF07400D27653 /* RSAEncryptor.m */,
			);
			path = EncryptArithmetic;
			sourceTree = "<group>";
		};
		04C231C51CEEF07400D27653 /* Menu */ = {
			isa = PBXGroup;
			children = (
				04C231C61CEEF07400D27653 /* Cell */,
				04C231CB1CEEF07400D27653 /* MenuTableHeaderView.h */,
				04C231CC1CEEF07400D27653 /* MenuTableHeaderView.m */,
				04C231CD1CEEF07400D27653 /* MenuTableHeaderView.xib */,
				04C231CE1CEEF07400D27653 /* WFrostedRootViewCtrl.h */,
				04C231CF1CEEF07400D27653 /* WFrostedRootViewCtrl.m */,
				04C231D01CEEF07400D27653 /* WMenuTableViewCtrl.h */,
				04C231D11CEEF07400D27653 /* WMenuTableViewCtrl.m */,
			);
			path = Menu;
			sourceTree = "<group>";
		};
		04C231C61CEEF07400D27653 /* Cell */ = {
			isa = PBXGroup;
			children = (
				04C231C71CEEF07400D27653 /* MenuTableViewCell.h */,
				04C231C81CEEF07400D27653 /* MenuTableViewCell.m */,
				04C231C91CEEF07400D27653 /* MenuTableViewCell.xib */,
				04C231CA1CEEF07400D27653 /* MenuTableViewCell480.xib */,
			);
			path = Cell;
			sourceTree = "<group>";
		};
		04C231F61CEEF1F100D27653 /* HTTPManager */ = {
			isa = PBXGroup;
			children = (
				04C231F71CEEF1F100D27653 /* AFHTTPRequest.h */,
				04C231F81CEEF1F100D27653 /* AFHTTPRequest.m */,
				04C231F91CEEF1F100D27653 /* AFHTTPRequestHelper.h */,
				04C231FA1CEEF1F100D27653 /* AFHTTPRequestHelper.m */,
			);
			path = HTTPManager;
			sourceTree = "<group>";
		};
		1BAC17580A7E878E3D3A4335 /* Pods */ = {
			isa = PBXGroup;
			children = (
				6B289629BCC9890AF298368D /* Pods.debug.xcconfig */,
				1F3C8F0F64D577AD73E7844F /* Pods.release.xcconfig */,
			);
			name = Pods;
			sourceTree = "<group>";
		};
		7FAFAE0DA6AB4A9A8DE970C7 /* Frameworks */ = {
			isa = PBXGroup;
			children = (
				04B6AC261DC3527600C08315 /* Security.framework */,
				B1BDE65A4761F577A4E83116 /* libPods.a */,
			);
			name = Frameworks;
			sourceTree = "<group>";
		};
/* End PBXGroup section */

/* Begin PBXNativeTarget section */
		041E6F091CC6123B00E5070B /* ZWScrollTableViewCtrlDemo */ = {
			isa = PBXNativeTarget;
			buildConfigurationList = 041E6F371CC6123B00E5070B /* Build configuration list for PBXNativeTarget "ZWScrollTableViewCtrlDemo" */;
			buildPhases = (
				1634D6EACD2DB0B4BEB7DFCF /* Check Pods Manifest.lock */,
				041E6F061CC6123B00E5070B /* Sources */,
				041E6F071CC6123B00E5070B /* Frameworks */,
				041E6F081CC6123B00E5070B /* Resources */,
				69BD9929A6CEC600C728CF4B /* Embed Pods Frameworks */,
				EA3B27F55322293584EE359C /* Copy Pods Resources */,
			);
			buildRules = (
			);
			dependencies = (
			);
			name = ZWScrollTableViewCtrlDemo;
			productName = ZWScrollTableViewCtrlDemo;
			productReference = 041E6F0A1CC6123B00E5070B /* ZWScrollTableViewCtrlDemo.app */;
			productType = "com.apple.product-type.application";
		};
		041E6F221CC6123B00E5070B /* ZWScrollTableViewCtrlDemoTests */ = {
			isa = PBXNativeTarget;
			buildConfigurationList = 041E6F3A1CC6123B00E5070B /* Build configuration list for PBXNativeTarget "ZWScrollTableViewCtrlDemoTests" */;
			buildPhases = (
				041E6F1F1CC6123B00E5070B /* Sources */,
				041E6F201CC6123B00E5070B /* Frameworks */,
				041E6F211CC6123B00E5070B /* Resources */,
			);
			buildRules = (
			);
			dependencies = (
				041E6F251CC6123B00E5070B /* PBXTargetDependency */,
			);
			name = ZWScrollTableViewCtrlDemoTests;
			productName = ZWScrollTableViewCtrlDemoTests;
			productReference = 041E6F231CC6123B00E5070B /* ZWScrollTableViewCtrlDemoTests.xctest */;
			productType = "com.apple.product-type.bundle.unit-test";
		};
		041E6F2D1CC6123B00E5070B /* ZWScrollTableViewCtrlDemoUITests */ = {
			isa = PBXNativeTarget;
			buildConfigurationList = 041E6F3D1CC6123B00E5070B /* Build configuration list for PBXNativeTarget "ZWScrollTableViewCtrlDemoUITests" */;
			buildPhases = (
				041E6F2A1CC6123B00E5070B /* Sources */,
				041E6F2B1CC6123B00E5070B /* Frameworks */,
				041E6F2C1CC6123B00E5070B /* Resources */,
			);
			buildRules = (
			);
			dependencies = (
				041E6F301CC6123B00E5070B /* PBXTargetDependency */,
			);
			name = ZWScrollTableViewCtrlDemoUITests;
			productName = ZWScrollTableViewCtrlDemoUITests;
			productReference = 041E6F2E1CC6123B00E5070B /* ZWScrollTableViewCtrlDemoUITests.xctest */;
			productType = "com.apple.product-type.bundle.ui-testing";
		};
/* End PBXNativeTarget section */

/* Begin PBXProject section */
		041E6F021CC6123B00E5070B /* Project object */ = {
			isa = PBXProject;
			attributes = {
				LastUpgradeCheck = 0720;
				ORGANIZATIONNAME = mac;
				TargetAttributes = {
					041E6F091CC6123B00E5070B = {
						CreatedOnToolsVersion = 7.2;
					};
					041E6F221CC6123B00E5070B = {
						CreatedOnToolsVersion = 7.2;
						TestTargetID = 041E6F091CC6123B00E5070B;
					};
					041E6F2D1CC6123B00E5070B = {
						CreatedOnToolsVersion = 7.2;
						TestTargetID = 041E6F091CC6123B00E5070B;
					};
				};
			};
			buildConfigurationList = 041E6F051CC6123B00E5070B /* Build configuration list for PBXProject "ZWScrollTableViewCtrlDemo" */;
			compatibilityVersion = "Xcode 3.2";
			developmentRegion = English;
			hasScannedForEncodings = 0;
			knownRegions = (
				en,
				Base,
			);
			mainGroup = 041E6F011CC6123B00E5070B;
			productRefGroup = 041E6F0B1CC6123B00E5070B /* Products */;
			projectDirPath = "";
			projectRoot = "";
			targets = (
				041E6F091CC6123B00E5070B /* ZWScrollTableViewCtrlDemo */,
				041E6F221CC6123B00E5070B /* ZWScrollTableViewCtrlDemoTests */,
				041E6F2D1CC6123B00E5070B /* ZWScrollTableViewCtrlDemoUITests */,
			);
		};
/* End PBXProject section */

/* Begin PBXResourcesBuildPhase section */
		041E6F081CC6123B00E5070B /* Resources */ = {
			isa = PBXResourcesBuildPhase;
			buildActionMask = 2147483647;
			files = (
				041E6F1D1CC6123B00E5070B /* LaunchScreen.storyboard in Resources */,
				041E6F1A1CC6123B00E5070B /* Assets.xcassets in Resources */,
				04C231F01CEEF07400D27653 /* MenuTableHeaderView.xib in Resources */,
				04C231F51CEEF07400D27653 /* ResourceImages.bundle in Resources */,
				041E6F181CC6123B00E5070B /* Main.storyboard in Resources */,
				04B331AE1CF6F90C00127AC6 /* WebViewJavascriptBridge.js.txt in Resources */,
				04C231ED1CEEF07400D27653 /* MenuTableViewCell.xib in Resources */,
				04C231DA1CEEF07400D27653 /* WScrollHeaderCollectionCell.xib in Resources */,
				04C231EE1CEEF07400D27653 /* MenuTableViewCell480.xib in Resources */,
			);
			runOnlyForDeploymentPostprocessing = 0;
		};
		041E6F211CC6123B00E5070B /* Resources */ = {
			isa = PBXResourcesBuildPhase;
			buildActionMask = 2147483647;
			files = (
			);
			runOnlyForDeploymentPostprocessing = 0;
		};
		041E6F2C1CC6123B00E5070B /* Resources */ = {
			isa = PBXResourcesBuildPhase;
			buildActionMask = 2147483647;
			files = (
			);
			runOnlyForDeploymentPostprocessing = 0;
		};
/* End PBXResourcesBuildPhase section */

/* Begin PBXShellScriptBuildPhase section */
		1634D6EACD2DB0B4BEB7DFCF /* Check Pods Manifest.lock */ = {
			isa = PBXShellScriptBuildPhase;
			buildActionMask = 2147483647;
			files = (
			);
			inputPaths = (
			);
			name = "Check Pods Manifest.lock";
			outputPaths = (
			);
			runOnlyForDeploymentPostprocessing = 0;
			shellPath = /bin/sh;
			shellScript = "diff \"${PODS_ROOT}/../Podfile.lock\" \"${PODS_ROOT}/Manifest.lock\" > /dev/null\nif [[ $? != 0 ]] ; then\n    cat << EOM\nerror: The sandbox is not in sync with the Podfile.lock. Run 'pod install' or update your CocoaPods installation.\nEOM\n    exit 1\nfi\n";
			showEnvVarsInLog = 0;
		};
		69BD9929A6CEC600C728CF4B /* Embed Pods Frameworks */ = {
			isa = PBXShellScriptBuildPhase;
			buildActionMask = 2147483647;
			files = (
			);
			inputPaths = (
			);
			name = "Embed Pods Frameworks";
			outputPaths = (
			);
			runOnlyForDeploymentPostprocessing = 0;
			shellPath = /bin/sh;
			shellScript = "\"${SRCROOT}/Pods/Target Support Files/Pods/Pods-frameworks.sh\"\n";
			showEnvVarsInLog = 0;
		};
		EA3B27F55322293584EE359C /* Copy Pods Resources */ = {
			isa = PBXShellScriptBuildPhase;
			buildActionMask = 2147483647;
			files = (
			);
			inputPaths = (
			);
			name = "Copy Pods Resources";
			outputPaths = (
			);
			runOnlyForDeploymentPostprocessing = 0;
			shellPath = /bin/sh;
			shellScript = "\"${SRCROOT}/Pods/Target Support Files/Pods/Pods-resources.sh\"\n";
			showEnvVarsInLog = 0;
		};
/* End PBXShellScriptBuildPhase section */

/* Begin PBXSourcesBuildPhase section */
		041E6F061CC6123B00E5070B /* Sources */ = {
			isa = PBXSourcesBuildPhase;
			buildActionMask = 2147483647;
			files = (
				04C231E71CEEF07400D27653 /* UIViewController+HUD.m in Sources */,
				04C231FC1CEEF1F100D27653 /* AFHTTPRequestHelper.m in Sources */,
				04C231EA1CEEF07400D27653 /* NSString+ThreeDES.m in Sources */,
				04C231DD1CEEF07400D27653 /* WBaseTableViewCtrl.m in Sources */,
				04C231DE1CEEF07400D27653 /* WBaseViewController.m in Sources */,
				04BA77471DC0417300763275 /* AuthcodeView.m in Sources */,
				0442EFB81DBEF10400A8960B /* NSString+MoneyFormat.m in Sources */,
				04B6AC2F1DC3545700C08315 /* WQKeyChain.m in Sources */,
				04BA77481DC0417300763275 /* IPAddresses.m in Sources */,
				04B331AF1CF6F90C00127AC6 /* WebViewJavascriptBridge.m in Sources */,
				04B331B01CF6F90C00127AC6 /* WebViewJavascriptBridgeBase.m in Sources */,
				04C231DF1CEEF07400D27653 /* WScrollTableViewCtrl.m in Sources */,
				04C231E91CEEF07400D27653 /* NSString+MD5Encrypt.m in Sources */,
				0442EFB71DBEF10400A8960B /* NSString+InvalidNull.m in Sources */,
				04C231F21CEEF07400D27653 /* WMenuTableViewCtrl.m in Sources */,
				04B331B11CF6F90C00127AC6 /* WKWebViewJavascriptBridge.m in Sources */,
				04C231DB1CEEF07400D27653 /* WBaseNavigationCtrl.m in Sources */,
				04C231E41CEEF07400D27653 /* UIScrollView+Refresh.m in Sources */,
				04C231FB1CEEF1F100D27653 /* AFHTTPRequest.m in Sources */,
				0442EFBC1DBF653C00A8960B /* PLLAlertView.m in Sources */,
				04C231E81CEEF07400D27653 /* GTMBase64.m in Sources */,
				04C231F11CEEF07400D27653 /* WFrostedRootViewCtrl.m in Sources */,
				04C231EF1CEEF07400D27653 /* MenuTableHeaderView.m in Sources */,
				041E6F151CC6123B00E5070B /* ViewController.m in Sources */,
				041E6F121CC6123B00E5070B /* AppDelegate.m in Sources */,
				04C231E51CEEF07400D27653 /* UIView+EmptyFailureView.m in Sources */,
				0442EFB61DBEF10400A8960B /* NSString+GenerateUuid.m in Sources */,
				04C231DC1CEEF07400D27653 /* WBaseTabBarCtrl.m in Sources */,
				04B6AC321DC3549F00C08315 /* WQUserDataManager.m in Sources */,
				04C231E01CEEF07400D27653 /* NSDateComponents+Timestamp.m in Sources */,
				04C231EB1CEEF07400D27653 /* RSAEncryptor.m in Sources */,
				0442EFAB1DBEF0BD00A8960B /* UINavigationBar+NavigationBarBackground.m in Sources */,
				04C231EC1CEEF07400D27653 /* MenuTableViewCell.m in Sources */,
				041E6F0F1CC6123B00E5070B /* main.m in Sources */,
				04C231D91CEEF07400D27653 /* WScrollHeaderCollectionCell.m in Sources */,
				04C231E31CEEF07400D27653 /* UIImage+IMTransform.m in Sources */,
				0442EFB51DBEF10400A8960B /* NSString+CalculateSize.m in Sources */,
			);
			runOnlyForDeploymentPostprocessing = 0;
		};
		041E6F1F1CC6123B00E5070B /* Sources */ = {
			isa = PBXSourcesBuildPhase;
			buildActionMask = 2147483647;
			files = (
				041E6F281CC6123B00E5070B /* ZWScrollTableViewCtrlDemoTests.m in Sources */,
			);
			runOnlyForDeploymentPostprocessing = 0;
		};
		041E6F2A1CC6123B00E5070B /* Sources */ = {
			isa = PBXSourcesBuildPhase;
			buildActionMask = 2147483647;
			files = (
				041E6F331CC6123B00E5070B /* ZWScrollTableViewCtrlDemoUITests.m in Sources */,
			);
			runOnlyForDeploymentPostprocessing = 0;
		};
/* End PBXSourcesBuildPhase section */

/* Begin PBXTargetDependency section */
		041E6F251CC6123B00E5070B /* PBXTargetDependency */ = {
			isa = PBXTargetDependency;
			target = 041E6F091CC6123B00E5070B /* ZWScrollTableViewCtrlDemo */;
			targetProxy = 041E6F241CC6123B00E5070B /* PBXContainerItemProxy */;
		};
		041E6F301CC6123B00E5070B /* PBXTargetDependency */ = {
			isa = PBXTargetDependency;
			target = 041E6F091CC6123B00E5070B /* ZWScrollTableViewCtrlDemo */;
			targetProxy = 041E6F2F1CC6123B00E5070B /* PBXContainerItemProxy */;
		};
/* End PBXTargetDependency section */

/* Begin PBXVariantGroup section */
		041E6F161CC6123B00E5070B /* Main.storyboard */ = {
			isa = PBXVariantGroup;
			children = (
				041E6F171CC6123B00E5070B /* Base */,
			);
			name = Main.storyboard;
			sourceTree = "<group>";
		};
		041E6F1B1CC6123B00E5070B /* LaunchScreen.storyboard */ = {
			isa = PBXVariantGroup;
			children = (
				041E6F1C1CC6123B00E5070B /* Base */,
			);
			name = LaunchScreen.storyboard;
			sourceTree = "<group>";
		};
/* End PBXVariantGroup section */

/* Begin XCBuildConfiguration section */
		041E6F351CC6123B00E5070B /* Debug */ = {
			isa = XCBuildConfiguration;
			buildSettings = {
				ALWAYS_SEARCH_USER_PATHS = NO;
				CLANG_CXX_LANGUAGE_STANDARD = "gnu++0x";
				CLANG_CXX_LIBRARY = "libc++";
				CLANG_ENABLE_MODULES = YES;
				CLANG_ENABLE_OBJC_ARC = YES;
				CLANG_WARN_BOOL_CONVERSION = YES;
				CLANG_WARN_CONSTANT_CONVERSION = YES;
				CLANG_WARN_DIRECT_OBJC_ISA_USAGE = YES_ERROR;
				CLANG_WARN_EMPTY_BODY = YES;
				CLANG_WARN_ENUM_CONVERSION = YES;
				CLANG_WARN_INT_CONVERSION = YES;
				CLANG_WARN_OBJC_ROOT_CLASS = YES_ERROR;
				CLANG_WARN_UNREACHABLE_CODE = YES;
				CLANG_WARN__DUPLICATE_METHOD_MATCH = YES;
				"CODE_SIGN_IDENTITY[sdk=iphoneos*]" = "iPhone Developer";
				COPY_PHASE_STRIP = NO;
				DEBUG_INFORMATION_FORMAT = dwarf;
				ENABLE_STRICT_OBJC_MSGSEND = YES;
				ENABLE_TESTABILITY = YES;
				GCC_C_LANGUAGE_STANDARD = gnu99;
				GCC_DYNAMIC_NO_PIC = NO;
				GCC_NO_COMMON_BLOCKS = YES;
				GCC_OPTIMIZATION_LEVEL = 0;
				GCC_PREPROCESSOR_DEFINITIONS = (
					"DEBUG=1",
					"$(inherited)",
				);
				GCC_WARN_64_TO_32_BIT_CONVERSION = YES;
				GCC_WARN_ABOUT_RETURN_TYPE = YES_ERROR;
				GCC_WARN_UNDECLARED_SELECTOR = YES;
				GCC_WARN_UNINITIALIZED_AUTOS = YES_AGGRESSIVE;
				GCC_WARN_UNUSED_FUNCTION = YES;
				GCC_WARN_UNUSED_VARIABLE = YES;
				IPHONEOS_DEPLOYMENT_TARGET = 9.2;
				MTL_ENABLE_DEBUG_INFO = YES;
				ONLY_ACTIVE_ARCH = YES;
				SDKROOT = iphoneos;
			};
			name = Debug;
		};
		041E6F361CC6123B00E5070B /* Release */ = {
			isa = XCBuildConfiguration;
			buildSettings = {
				ALWAYS_SEARCH_USER_PATHS = NO;
				CLANG_CXX_LANGUAGE_STANDARD = "gnu++0x";
				CLANG_CXX_LIBRARY = "libc++";
				CLANG_ENABLE_MODULES = YES;
				CLANG_ENABLE_OBJC_ARC = YES;
				CLANG_WARN_BOOL_CONVERSION = YES;
				CLANG_WARN_CONSTANT_CONVERSION = YES;
				CLANG_WARN_DIRECT_OBJC_ISA_USAGE = YES_ERROR;
				CLANG_WARN_EMPTY_BODY = YES;
				CLANG_WARN_ENUM_CONVERSION = YES;
				CLANG_WARN_INT_CONVERSION = YES;
				CLANG_WARN_OBJC_ROOT_CLASS = YES_ERROR;
				CLANG_WARN_UNREACHABLE_CODE = YES;
				CLANG_WARN__DUPLICATE_METHOD_MATCH = YES;
				"CODE_SIGN_IDENTITY[sdk=iphoneos*]" = "iPhone Developer";
				COPY_PHASE_STRIP = NO;
				DEBUG_INFORMATION_FORMAT = "dwarf-with-dsym";
				ENABLE_NS_ASSERTIONS = NO;
				ENABLE_STRICT_OBJC_MSGSEND = YES;
				GCC_C_LANGUAGE_STANDARD = gnu99;
				GCC_NO_COMMON_BLOCKS = YES;
				GCC_WARN_64_TO_32_BIT_CONVERSION = YES;
				GCC_WARN_ABOUT_RETURN_TYPE = YES_ERROR;
				GCC_WARN_UNDECLARED_SELECTOR = YES;
				GCC_WARN_UNINITIALIZED_AUTOS = YES_AGGRESSIVE;
				GCC_WARN_UNUSED_FUNCTION = YES;
				GCC_WARN_UNUSED_VARIABLE = YES;
				IPHONEOS_DEPLOYMENT_TARGET = 9.2;
				MTL_ENABLE_DEBUG_INFO = NO;
				SDKROOT = iphoneos;
				VALIDATE_PRODUCT = YES;
			};
			name = Release;
		};
		041E6F381CC6123B00E5070B /* Debug */ = {
			isa = XCBuildConfiguration;
			baseConfigurationReference = 6B289629BCC9890AF298368D /* Pods.debug.xcconfig */;
			buildSettings = {
				ASSETCATALOG_COMPILER_APPICON_NAME = AppIcon;
				GCC_PRECOMPILE_PREFIX_HEADER = YES;
				GCC_PREFIX_HEADER = "$(SRCROOT)/ZWScrollTableViewCtrlDemo/ZWScrollTableViewCtrlDemo-prefix.pch";
				INFOPLIST_FILE = ZWScrollTableViewCtrlDemo/Info.plist;
				IPHONEOS_DEPLOYMENT_TARGET = 7.0;
				LD_RUNPATH_SEARCH_PATHS = "$(inherited) @executable_path/Frameworks";
				PRODUCT_BUNDLE_IDENTIFIER = zhangduokeji.ZWScrollTableViewCtrlDemo;
				PRODUCT_NAME = "$(TARGET_NAME)";
			};
			name = Debug;
		};
		041E6F391CC6123B00E5070B /* Release */ = {
			isa = XCBuildConfiguration;
			baseConfigurationReference = 1F3C8F0F64D577AD73E7844F /* Pods.release.xcconfig */;
			buildSettings = {
				ASSETCATALOG_COMPILER_APPICON_NAME = AppIcon;
				GCC_PRECOMPILE_PREFIX_HEADER = YES;
				GCC_PREFIX_HEADER = "$(SRCROOT)/ZWScrollTableViewCtrlDemo/ZWScrollTableViewCtrlDemo-prefix.pch";
				INFOPLIST_FILE = ZWScrollTableViewCtrlDemo/Info.plist;
				IPHONEOS_DEPLOYMENT_TARGET = 7.0;
				LD_RUNPATH_SEARCH_PATHS = "$(inherited) @executable_path/Frameworks";
				PRODUCT_BUNDLE_IDENTIFIER = zhangduokeji.ZWScrollTableViewCtrlDemo;
				PRODUCT_NAME = "$(TARGET_NAME)";
			};
			name = Release;
		};
		041E6F3B1CC6123B00E5070B /* Debug */ = {
			isa = XCBuildConfiguration;
			buildSettings = {
				BUNDLE_LOADER = "$(TEST_HOST)";
				INFOPLIST_FILE = ZWScrollTableViewCtrlDemoTests/Info.plist;
				LD_RUNPATH_SEARCH_PATHS = "$(inherited) @executable_path/Frameworks @loader_path/Frameworks";
				PRODUCT_BUNDLE_IDENTIFIER = zhangduokeji.ZWScrollTableViewCtrlDemoTests;
				PRODUCT_NAME = "$(TARGET_NAME)";
				TEST_HOST = "$(BUILT_PRODUCTS_DIR)/ZWScrollTableViewCtrlDemo.app/ZWScrollTableViewCtrlDemo";
			};
			name = Debug;
		};
		041E6F3C1CC6123B00E5070B /* Release */ = {
			isa = XCBuildConfiguration;
			buildSettings = {
				BUNDLE_LOADER = "$(TEST_HOST)";
				INFOPLIST_FILE = ZWScrollTableViewCtrlDemoTests/Info.plist;
				LD_RUNPATH_SEARCH_PATHS = "$(inherited) @executable_path/Frameworks @loader_path/Frameworks";
				PRODUCT_BUNDLE_IDENTIFIER = zhangduokeji.ZWScrollTableViewCtrlDemoTests;
				PRODUCT_NAME = "$(TARGET_NAME)";
				TEST_HOST = "$(BUILT_PRODUCTS_DIR)/ZWScrollTableViewCtrlDemo.app/ZWScrollTableViewCtrlDemo";
			};
			name = Release;
		};
		041E6F3E1CC6123B00E5070B /* Debug */ = {
			isa = XCBuildConfiguration;
			buildSettings = {
				INFOPLIST_FILE = ZWScrollTableViewCtrlDemoUITests/Info.plist;
				LD_RUNPATH_SEARCH_PATHS = "$(inherited) @executable_path/Frameworks @loader_path/Frameworks";
				PRODUCT_BUNDLE_IDENTIFIER = zhangduokeji.ZWScrollTableViewCtrlDemoUITests;
				PRODUCT_NAME = "$(TARGET_NAME)";
				TEST_TARGET_NAME = ZWScrollTableViewCtrlDemo;
				USES_XCTRUNNER = YES;
			};
			name = Debug;
		};
		041E6F3F1CC6123B00E5070B /* Release */ = {
			isa = XCBuildConfiguration;
			buildSettings = {
				INFOPLIST_FILE = ZWScrollTableViewCtrlDemoUITests/Info.plist;
				LD_RUNPATH_SEARCH_PATHS = "$(inherited) @executable_path/Frameworks @loader_path/Frameworks";
				PRODUCT_BUNDLE_IDENTIFIER = zhangduokeji.ZWScrollTableViewCtrlDemoUITests;
				PRODUCT_NAME = "$(TARGET_NAME)";
				TEST_TARGET_NAME = ZWScrollTableViewCtrlDemo;
				USES_XCTRUNNER = YES;
			};
			name = Release;
		};
/* End XCBuildConfiguration section */

/* Begin XCConfigurationList section */
		041E6F051CC6123B00E5070B /* Build configuration list for PBXProject "ZWScrollTableViewCtrlDemo" */ = {
			isa = XCConfigurationList;
			buildConfigurations = (
				041E6F351CC6123B00E5070B /* Debug */,
				041E6F361CC6123B00E5070B /* Release */,
			);
			defaultConfigurationIsVisible = 0;
			defaultConfigurationName = Release;
		};
		041E6F371CC6123B00E5070B /* Build configuration list for PBXNativeTarget "ZWScrollTableViewCtrlDemo" */ = {
			isa = XCConfigurationList;
			buildConfigurations = (
				041E6F381CC6123B00E5070B /* Debug */,
				041E6F391CC6123B00E5070B /* Release */,
			);
			defaultConfigurationIsVisible = 0;
			defaultConfigurationName = Release;
		};
		041E6F3A1CC6123B00E5070B /* Build configuration list for PBXNativeTarget "ZWScrollTableViewCtrlDemoTests" */ = {
			isa = XCConfigurationList;
			buildConfigurations = (
				041E6F3B1CC6123B00E5070B /* Debug */,
				041E6F3C1CC6123B00E5070B /* Release */,
			);
			defaultConfigurationIsVisible = 0;
			defaultConfigurationName = Release;
		};
		041E6F3D1CC6123B00E5070B /* Build configuration list for PBXNativeTarget "ZWScrollTableViewCtrlDemoUITests" */ = {
			isa = XCConfigurationList;
			buildConfigurations = (
				041E6F3E1CC6123B00E5070B /* Debug */,
				041E6F3F1CC6123B00E5070B /* Release */,
			);
			defaultConfigurationIsVisible = 0;
			defaultConfigurationName = Release;
		};
/* End XCConfigurationList section */
	};
	rootObject = 041E6F021CC6123B00E5070B /* Project object */;
}
